PODS:
  - Alamofire (4.0.1)
  - FMDB (2.6.2):
    - FMDB/standard (= 2.6.2)
  - FMDB/standard (2.6.2)
  - MASPreferences (1.1.4)
  - OMGHTTPURLRQ (3.2.2):
    - OMGHTTPURLRQ/RQ (= 3.2.2)
  - OMGHTTPURLRQ/FormURLEncode (3.2.2)
  - OMGHTTPURLRQ/RQ (3.2.2):
    - OMGHTTPURLRQ/FormURLEncode
    - OMGHTTPURLRQ/UserAgent
  - OMGHTTPURLRQ/UserAgent (3.2.2)
  - PromiseKit (4.1.0):
    - PromiseKit/Foundation (= 4.1.0)
    - PromiseKit/QuartzCore (= 4.1.0)
    - PromiseKit/UIKit (= 4.1.0)
  - PromiseKit/CorePromise (4.1.0)
  - PromiseKit/Foundation (4.1.0):
    - PromiseKit/CorePromise
  - PromiseKit/QuartzCore (4.1.0):
    - PromiseKit/CorePromise
  - PromiseKit/UIKit (4.1.0):
    - PromiseKit/CorePromise
  - XCGLogger (4.0.0):
    - XCGLogger/Core (= 4.0.0)
  - XCGLogger/Core (4.0.0)

DEPENDENCIES:
  - Alamofire (~> 4.0.0)
  - FMDB (~> 2.6.2)
  - MASPreferences (~> 1.1.4)
  - OMGHTTPURLRQ (~> 3.2.2)
  - PromiseKit (~> 4.1.0)
  - XCGLogger (~> 4.0.0)

SPEC CHECKSUMS:
  Alamofire: 7682d43245de14874acd142ec137b144aa1dd335
  FMDB: 854a0341b4726e53276f2a8996f06f1b80f9259a
  MASPreferences: 7bdcfe891d7840453cf48f95fa866c3e152ace7a
  OMGHTTPURLRQ: edb14c7d28add69226b79d826f930805927a0ffa
  PromiseKit: c98453ff78544c0ad5bb0ea980782e6875f47978
  XCGLogger: 38063ea89b4c8b23232d18efd2e12eb0005f3ea4

PODFILE CHECKSUM: 6833b4dbdaa81e2b3eee73e2bd7b4a69f0ed329c

COCOAPODS: 1.1.1
