PODS:
  - Alamofire (4.0.1)
  - FMDB (2.6.2):
    - FMDB/standard (= 2.6.2)
  - FMDB/standard (2.6.2)
  - MASPreferences (1.1.4)
  - ObjcExceptionBridging (1.0.1):
    - ObjcExceptionBridging/ObjcExceptionBridging (= 1.0.1)
  - ObjcExceptionBridging/ObjcExceptionBridging (1.0.1)
  - OMGHTTPURLRQ (3.2.2):
    - OMGHTTPURLRQ/RQ (= 3.2.2)
  - OMGHTTPURLRQ/FormURLEncode (3.2.2)
  - OMGHTTPURLRQ/RQ (3.2.2):
    - OMGHTTPURLRQ/FormURLEncode
    - OMGHTTPURLRQ/UserAgent
  - OMGHTTPURLRQ/UserAgent (3.2.2)
  - PromiseKit (4.1.0):
    - PromiseKit/Foundation (= 4.1.0)
    - PromiseKit/QuartzCore (= 4.1.0)
    - PromiseKit/UIKit (= 4.1.0)
  - PromiseKit/CorePromise (4.1.0)
  - PromiseKit/Foundation (4.1.0):
    - PromiseKit/CorePromise
  - PromiseKit/QuartzCore (4.1.0):
    - PromiseKit/CorePromise
  - PromiseKit/UIKit (4.1.0):
    - PromiseKit/CorePromise
  - SwiftyJSON (3.1.3)
  - XCGLogger (5.0.1):
    - XCGLogger/Core (= 5.0.1)
  - XCGLogger/Core (5.0.1):
    - ObjcExceptionBridging

DEPENDENCIES:
  - Alamofire (~> 4.0.0)
  - FMDB (~> 2.6.2)
  - MASPreferences (~> 1.1.4)
  - OMGHTTPURLRQ (~> 3.2.2)
  - PromiseKit (~> 4.1.0)
  - SwiftyJSON
  - XCGLogger (~> 5.0.1)

SPEC CHECKSUMS:
  Alamofire: 7682d43245de14874acd142ec137b144aa1dd335
  FMDB: 854a0341b4726e53276f2a8996f06f1b80f9259a
  MASPreferences: 7bdcfe891d7840453cf48f95fa866c3e152ace7a
  ObjcExceptionBridging: c30e00eb3700467e695faeea30e26e18bd445001
  OMGHTTPURLRQ: edb14c7d28add69226b79d826f930805927a0ffa
  PromiseKit: c98453ff78544c0ad5bb0ea980782e6875f47978
  SwiftyJSON: 38a8ea2006779c0fc4c310cb2ee8195327740faf
  XCGLogger: 0b43697155d41e4a1b15fc776f319c2141646b09

PODFILE CHECKSUM: 39abd81a636ab75243b0a5303129843fc22c3b03

COCOAPODS: 1.1.1
