PODS:
  - Alamofire (3.2.0)
  - Crashlytics (3.7.0):
    - Fabric (~> 1.6.3)
  - Fabric (1.6.6)
  - OMGHTTPURLRQ (3.1.1):
    - OMGHTTPURLRQ/RQ (= 3.1.1)
  - OMGHTTPURLRQ/FormURLEncode (3.1.1)
  - OMGHTTPURLRQ/RQ (3.1.1):
    - OMGHTTPURLRQ/FormURLEncode
    - OMGHTTPURLRQ/UserAgent
  - OMGHTTPURLRQ/UserAgent (3.1.1)
  - PromiseKit (3.0.2):
    - PromiseKit/Foundation (= 3.0.2)
    - PromiseKit/QuartzCore (= 3.0.2)
    - PromiseKit/UIKit (= 3.0.2)
  - PromiseKit/CorePromise (3.0.2)
  - PromiseKit/Foundation (3.0.2):
    - OMGHTTPURLRQ (~> 3.1.0)
    - PromiseKit/CorePromise
  - PromiseKit/QuartzCore (3.0.2):
    - PromiseKit/CorePromise
  - PromiseKit/UIKit (3.0.2):
    - PromiseKit/CorePromise
  - Realm (0.98.1):
    - Realm/Headers (= 0.98.1)
  - Realm/Headers (0.98.1)
  - RealmSwift (0.98.1):
    - Realm (= 0.98.1)

DEPENDENCIES:
  - Alamofire (~> 3.0)
  - Crashlytics
  - Fabric
  - PromiseKit (~> 3.0)
  - RealmSwift

SPEC CHECKSUMS:
  Alamofire: 4da478599fccddff361205c8929333d7fe18dceb
  Crashlytics: c3a2333dea9e2733d2777f730910321fc9e25c0d
  Fabric: 1abc1e59f11fa39ede6f690ef7309d8563e3ec59
  OMGHTTPURLRQ: 633f98ee745aeda02345935a52eec1784cddb589
  PromiseKit: ab1a380f7a30cf8cce663a2411e8b3580b10313d
  Realm: ca4a4122e939e228e10694fc49011386cb2ecb07
  RealmSwift: 7d3c7033427816a2c3417ba0d004d694987e503a

COCOAPODS: 0.38.2
