// !$*UTF8*$!
{
	archiveVersion = 1;
	classes = {
	};
	objectVersion = 46;
	objects = {

/* Begin PBXBuildFile section */
		39A7F741AF1BBBC1B0E8B416 /* Pods.framework in Frameworks */ = {isa = PBXBuildFile; fileRef = 4E7211EBA20157CBFCD3A071 /* Pods.framework */; settings = {ATTRIBUTES = (Weak, ); }; };
		F11154651C8D91F800FA6059 /* srca.cer in Resources */ = {isa = PBXBuildFile; fileRef = F11154631C8D91F800FA6059 /* srca.cer */; };
		F11154681C8D920600FA6059 /* User.swift in Sources */ = {isa = PBXBuildFile; fileRef = F11154671C8D920600FA6059 /* User.swift */; };
		F11154721C8D921400FA6059 /* LeftTicketParam.swift in Sources */ = {isa = PBXBuildFile; fileRef = F111546A1C8D921400FA6059 /* LeftTicketParam.swift */; };
		F11154731C8D921400FA6059 /* MainModel.swift in Sources */ = {isa = PBXBuildFile; fileRef = F111546B1C8D921400FA6059 /* MainModel.swift */; };
		F11154741C8D921400FA6059 /* OrderDTO.swift in Sources */ = {isa = PBXBuildFile; fileRef = F111546C1C8D921400FA6059 /* OrderDTO.swift */; };
		F11154751C8D921400FA6059 /* OrderQueueResult.swift in Sources */ = {isa = PBXBuildFile; fileRef = F111546D1C8D921400FA6059 /* OrderQueueResult.swift */; };
		F11154761C8D921400FA6059 /* PassengerDTO.swift in Sources */ = {isa = PBXBuildFile; fileRef = F111546E1C8D921400FA6059 /* PassengerDTO.swift */; };
		F11154771C8D921400FA6059 /* QueryLeftNewDTO.swift in Sources */ = {isa = PBXBuildFile; fileRef = F111546F1C8D921400FA6059 /* QueryLeftNewDTO.swift */; };
		F11154781C8D921400FA6059 /* QueryOrderParam.swift in Sources */ = {isa = PBXBuildFile; fileRef = F11154701C8D921400FA6059 /* QueryOrderParam.swift */; };
		F11154791C8D921400FA6059 /* QueryOrderWaitTimeResult.swift in Sources */ = {isa = PBXBuildFile; fileRef = F11154711C8D921400FA6059 /* QueryOrderWaitTimeResult.swift */; };
		F111547F1C8D923C00FA6059 /* SwiftyJSON.swift in Sources */ = {isa = PBXBuildFile; fileRef = F111547B1C8D923C00FA6059 /* SwiftyJSON.swift */; };
		F11154801C8D923C00FA6059 /* SwiftyRegex.swift in Sources */ = {isa = PBXBuildFile; fileRef = F111547C1C8D923C00FA6059 /* SwiftyRegex.swift */; };
		F11154811C8D923C00FA6059 /* UserDefaultManager.swift in Sources */ = {isa = PBXBuildFile; fileRef = F111547D1C8D923C00FA6059 /* UserDefaultManager.swift */; };
		F11154821C8D923C00FA6059 /* XCGLogger.swift in Sources */ = {isa = PBXBuildFile; fileRef = F111547E1C8D923C00FA6059 /* XCGLogger.swift */; };
		F111548E1C8D925200FA6059 /* AutoCompleteTextField.swift in Sources */ = {isa = PBXBuildFile; fileRef = F11154841C8D925200FA6059 /* AutoCompleteTextField.swift */; };
		F111548F1C8D925200FA6059 /* FlashLabel.swift in Sources */ = {isa = PBXBuildFile; fileRef = F11154851C8D925200FA6059 /* FlashLabel.swift */; };
		F11154901C8D925200FA6059 /* GlassView.swift in Sources */ = {isa = PBXBuildFile; fileRef = F11154861C8D925200FA6059 /* GlassView.swift */; };
		F11154911C8D925200FA6059 /* ItemCellView.swift in Sources */ = {isa = PBXBuildFile; fileRef = F11154871C8D925200FA6059 /* ItemCellView.swift */; };
		F11154921C8D925200FA6059 /* LoginButton.swift in Sources */ = {isa = PBXBuildFile; fileRef = F11154881C8D925200FA6059 /* LoginButton.swift */; };
		F11154931C8D925200FA6059 /* LunarCalendarView.swift in Sources */ = {isa = PBXBuildFile; fileRef = F111548A1C8D925200FA6059 /* LunarCalendarView.swift */; };
		F11154941C8D925200FA6059 /* LunarCalendarView.xib in Resources */ = {isa = PBXBuildFile; fileRef = F111548B1C8D925200FA6059 /* LunarCalendarView.xib */; };
		F11154951C8D925200FA6059 /* LunarSolarConverter.swift in Sources */ = {isa = PBXBuildFile; fileRef = F111548C1C8D925200FA6059 /* LunarSolarConverter.swift */; };
		F11154961C8D925200FA6059 /* RandCodeImageView.swift in Sources */ = {isa = PBXBuildFile; fileRef = F111548D1C8D925200FA6059 /* RandCodeImageView.swift */; };
		F11154981C8D927C00FA6059 /* StationData.swift in Sources */ = {isa = PBXBuildFile; fileRef = F11154971C8D927C00FA6059 /* StationData.swift */; };
		F111549F1C8D929200FA6059 /* Service+Login.swift in Sources */ = {isa = PBXBuildFile; fileRef = F111549A1C8D929200FA6059 /* Service+Login.swift */; };
		F11154A01C8D929200FA6059 /* Service+Order.swift in Sources */ = {isa = PBXBuildFile; fileRef = F111549B1C8D929200FA6059 /* Service+Order.swift */; };
		F11154A11C8D929200FA6059 /* Service+QueryOrder.swift in Sources */ = {isa = PBXBuildFile; fileRef = F111549C1C8D929200FA6059 /* Service+QueryOrder.swift */; };
		F11154A21C8D929200FA6059 /* Service+QueryTicket.swift in Sources */ = {isa = PBXBuildFile; fileRef = F111549D1C8D929200FA6059 /* Service+QueryTicket.swift */; };
		F11154A31C8D929200FA6059 /* Service.swift in Sources */ = {isa = PBXBuildFile; fileRef = F111549E1C8D929200FA6059 /* Service.swift */; };
		F11154A91C8D92A700FA6059 /* LoginWindowController.swift in Sources */ = {isa = PBXBuildFile; fileRef = F11154A51C8D92A700FA6059 /* LoginWindowController.swift */; };
		F11154AA1C8D92A700FA6059 /* LoginWindowController.xib in Resources */ = {isa = PBXBuildFile; fileRef = F11154A61C8D92A700FA6059 /* LoginWindowController.xib */; };
		F11154AB1C8D92A700FA6059 /* PreOrderWindowController.swift in Sources */ = {isa = PBXBuildFile; fileRef = F11154A71C8D92A700FA6059 /* PreOrderWindowController.swift */; };
		F11154AC1C8D92A700FA6059 /* PreOrderWindowController.xib in Resources */ = {isa = PBXBuildFile; fileRef = F11154A81C8D92A700FA6059 /* PreOrderWindowController.xib */; };
		F11154B01C8D92C100FA6059 /* OrderViewController.swift in Sources */ = {isa = PBXBuildFile; fileRef = F11154AE1C8D92C100FA6059 /* OrderViewController.swift */; };
		F11154B11C8D92C100FA6059 /* OrderViewController.xib in Resources */ = {isa = PBXBuildFile; fileRef = F11154AF1C8D92C100FA6059 /* OrderViewController.xib */; };
		F11154BD1C8D92D000FA6059 /* DisclosureViewController.swift in Sources */ = {isa = PBXBuildFile; fileRef = F11154B31C8D92D000FA6059 /* DisclosureViewController.swift */; };
		F11154BE1C8D92D000FA6059 /* DisclosureViewController.xib in Resources */ = {isa = PBXBuildFile; fileRef = F11154B41C8D92D000FA6059 /* DisclosureViewController.xib */; };
		F11154BF1C8D92D000FA6059 /* NormalSearchViewController.swift in Sources */ = {isa = PBXBuildFile; fileRef = F11154B51C8D92D000FA6059 /* NormalSearchViewController.swift */; };
		F11154C01C8D92D000FA6059 /* NormalSearchViewController.xib in Resources */ = {isa = PBXBuildFile; fileRef = F11154B61C8D92D000FA6059 /* NormalSearchViewController.xib */; };
		F11154C11C8D92D000FA6059 /* PassengerSelectViewController.swift in Sources */ = {isa = PBXBuildFile; fileRef = F11154B71C8D92D000FA6059 /* PassengerSelectViewController.swift */; };
		F11154C21C8D92D000FA6059 /* PassengerSelectViewController.xib in Resources */ = {isa = PBXBuildFile; fileRef = F11154B81C8D92D000FA6059 /* PassengerSelectViewController.xib */; };
		F11154C31C8D92D000FA6059 /* PassengerViewController.swift in Sources */ = {isa = PBXBuildFile; fileRef = F11154B91C8D92D000FA6059 /* PassengerViewController.swift */; };
		F11154C41C8D92D000FA6059 /* PassengerViewController.xib in Resources */ = {isa = PBXBuildFile; fileRef = F11154BA1C8D92D000FA6059 /* PassengerViewController.xib */; };
		F11154C51C8D92D000FA6059 /* TicketTableViewController.swift in Sources */ = {isa = PBXBuildFile; fileRef = F11154BB1C8D92D000FA6059 /* TicketTableViewController.swift */; };
		F11154C61C8D92D000FA6059 /* TicketTableViewController.xib in Resources */ = {isa = PBXBuildFile; fileRef = F11154BC1C8D92D000FA6059 /* TicketTableViewController.xib */; };
		F11154C81C8D92FC00FA6059 /* AppDelegate.swift in Sources */ = {isa = PBXBuildFile; fileRef = F11154C71C8D92FC00FA6059 /* AppDelegate.swift */; };
		F11154CF1C8D931500FA6059 /* MainWindowController.swift in Sources */ = {isa = PBXBuildFile; fileRef = F11154CB1C8D931500FA6059 /* MainWindowController.swift */; };
		F11154D01C8D931500FA6059 /* MainWindowController.xib in Resources */ = {isa = PBXBuildFile; fileRef = F11154CC1C8D931500FA6059 /* MainWindowController.xib */; };
		F11154D31C8D936300FA6059 /* MainMenu.xib in Resources */ = {isa = PBXBuildFile; fileRef = F11154D11C8D936300FA6059 /* MainMenu.xib */; };
		F11154D61C8D937E00FA6059 /* Images.xcassets in Resources */ = {isa = PBXBuildFile; fileRef = F11154D41C8D937E00FA6059 /* Images.xcassets */; };
		F11154E51C8D93B300FA6059 /* Add.png in Resources */ = {isa = PBXBuildFile; fileRef = F11154E11C8D93B300FA6059 /* Add.png */; };
		F11154E61C8D93B300FA6059 /* CalendarTemplate.png in Resources */ = {isa = PBXBuildFile; fileRef = F11154E21C8D93B300FA6059 /* CalendarTemplate.png */; };
		F11154E71C8D93B300FA6059 /* Group.png in Resources */ = {isa = PBXBuildFile; fileRef = F11154E31C8D93B300FA6059 /* Group.png */; };
		F11154E81C8D93B300FA6059 /* SettingsTemplate.png in Resources */ = {isa = PBXBuildFile; fileRef = F11154E41C8D93B300FA6059 /* SettingsTemplate.png */; };
		F1D390A41C8F177F000B3FD7 /* RandCodeImageView2.swift in Sources */ = {isa = PBXBuildFile; fileRef = F1D390A31C8F177F000B3FD7 /* RandCodeImageView2.swift */; };
		F1E7EA2D1C5A2E7B007715C1 /* INAppStoreWindowSwizzling.c in Sources */ = {isa = PBXBuildFile; fileRef = F1E7EA221C5A2E7B007715C1 /* INAppStoreWindowSwizzling.c */; };
		F1E7EA2E1C5A2E7B007715C1 /* INWindowBackgroundView+CoreUIRendering.m in Sources */ = {isa = PBXBuildFile; fileRef = F1E7EA251C5A2E7B007715C1 /* INWindowBackgroundView+CoreUIRendering.m */; };
		F1E7EA2F1C5A2E7B007715C1 /* NSDocument+INAppStoreWindowFixes.m in Sources */ = {isa = PBXBuildFile; fileRef = F1E7EA271C5A2E7B007715C1 /* NSDocument+INAppStoreWindowFixes.m */; };
		F1E7EA301C5A2E7B007715C1 /* INAppStoreWindow.m in Sources */ = {isa = PBXBuildFile; fileRef = F1E7EA291C5A2E7B007715C1 /* INAppStoreWindow.m */; };
		F1E7EA311C5A2E7B007715C1 /* INWindowButton.m in Sources */ = {isa = PBXBuildFile; fileRef = F1E7EA2C1C5A2E7B007715C1 /* INWindowButton.m */; };
/* End PBXBuildFile section */

/* Begin PBXFileReference section */
		37638C4EC63999790EA677D6 /* Pods.debug.xcconfig */ = {isa = PBXFileReference; includeInIndex = 1; lastKnownFileType = text.xcconfig; name = Pods.debug.xcconfig; path = "Pods/Target Support Files/Pods/Pods.debug.xcconfig"; sourceTree = "<group>"; };
		4362C8555FDE04134EAB4433 /* Pods.release.xcconfig */ = {isa = PBXFileReference; includeInIndex = 1; lastKnownFileType = text.xcconfig; name = Pods.release.xcconfig; path = "Pods/Target Support Files/Pods/Pods.release.xcconfig"; sourceTree = "<group>"; };
		4E7211EBA20157CBFCD3A071 /* Pods.framework */ = {isa = PBXFileReference; explicitFileType = wrapper.framework; includeInIndex = 0; path = Pods.framework; sourceTree = BUILT_PRODUCTS_DIR; };
		F11154621C8D91F800FA6059 /* README.md */ = {isa = PBXFileReference; fileEncoding = 4; lastKnownFileType = net.daringfireball.markdown; path = README.md; sourceTree = "<group>"; };
		F11154631C8D91F800FA6059 /* srca.cer */ = {isa = PBXFileReference; lastKnownFileType = file; path = srca.cer; sourceTree = "<group>"; };
		F11154671C8D920600FA6059 /* User.swift */ = {isa = PBXFileReference; fileEncoding = 4; lastKnownFileType = sourcecode.swift; path = User.swift; sourceTree = "<group>"; };
		F111546A1C8D921400FA6059 /* LeftTicketParam.swift */ = {isa = PBXFileReference; fileEncoding = 4; lastKnownFileType = sourcecode.swift; path = LeftTicketParam.swift; sourceTree = "<group>"; };
		F111546B1C8D921400FA6059 /* MainModel.swift */ = {isa = PBXFileReference; fileEncoding = 4; lastKnownFileType = sourcecode.swift; path = MainModel.swift; sourceTree = "<group>"; };
		F111546C1C8D921400FA6059 /* OrderDTO.swift */ = {isa = PBXFileReference; fileEncoding = 4; lastKnownFileType = sourcecode.swift; path = OrderDTO.swift; sourceTree = "<group>"; };
		F111546D1C8D921400FA6059 /* OrderQueueResult.swift */ = {isa = PBXFileReference; fileEncoding = 4; lastKnownFileType = sourcecode.swift; path = "OrderQueueResult\U001b.swift"; sourceTree = "<group>"; };
		F111546E1C8D921400FA6059 /* PassengerDTO.swift */ = {isa = PBXFileReference; fileEncoding = 4; lastKnownFileType = sourcecode.swift; path = PassengerDTO.swift; sourceTree = "<group>"; };
		F111546F1C8D921400FA6059 /* QueryLeftNewDTO.swift */ = {isa = PBXFileReference; fileEncoding = 4; lastKnownFileType = sourcecode.swift; path = QueryLeftNewDTO.swift; sourceTree = "<group>"; };
		F11154701C8D921400FA6059 /* QueryOrderParam.swift */ = {isa = PBXFileReference; fileEncoding = 4; lastKnownFileType = sourcecode.swift; path = QueryOrderParam.swift; sourceTree = "<group>"; };
		F11154711C8D921400FA6059 /* QueryOrderWaitTimeResult.swift */ = {isa = PBXFileReference; fileEncoding = 4; lastKnownFileType = sourcecode.swift; path = QueryOrderWaitTimeResult.swift; sourceTree = "<group>"; };
		F111547B1C8D923C00FA6059 /* SwiftyJSON.swift */ = {isa = PBXFileReference; fileEncoding = 4; lastKnownFileType = sourcecode.swift; path = SwiftyJSON.swift; sourceTree = "<group>"; };
		F111547C1C8D923C00FA6059 /* SwiftyRegex.swift */ = {isa = PBXFileReference; fileEncoding = 4; lastKnownFileType = sourcecode.swift; path = SwiftyRegex.swift; sourceTree = "<group>"; };
		F111547D1C8D923C00FA6059 /* UserDefaultManager.swift */ = {isa = PBXFileReference; fileEncoding = 4; lastKnownFileType = sourcecode.swift; path = UserDefaultManager.swift; sourceTree = "<group>"; };
		F111547E1C8D923C00FA6059 /* XCGLogger.swift */ = {isa = PBXFileReference; fileEncoding = 4; lastKnownFileType = sourcecode.swift; path = XCGLogger.swift; sourceTree = "<group>"; };
		F11154841C8D925200FA6059 /* AutoCompleteTextField.swift */ = {isa = PBXFileReference; fileEncoding = 4; lastKnownFileType = sourcecode.swift; path = AutoCompleteTextField.swift; sourceTree = "<group>"; };
		F11154851C8D925200FA6059 /* FlashLabel.swift */ = {isa = PBXFileReference; fileEncoding = 4; lastKnownFileType = sourcecode.swift; path = FlashLabel.swift; sourceTree = "<group>"; };
		F11154861C8D925200FA6059 /* GlassView.swift */ = {isa = PBXFileReference; fileEncoding = 4; lastKnownFileType = sourcecode.swift; path = GlassView.swift; sourceTree = "<group>"; };
		F11154871C8D925200FA6059 /* ItemCellView.swift */ = {isa = PBXFileReference; fileEncoding = 4; lastKnownFileType = sourcecode.swift; path = ItemCellView.swift; sourceTree = "<group>"; };
		F11154881C8D925200FA6059 /* LoginButton.swift */ = {isa = PBXFileReference; fileEncoding = 4; lastKnownFileType = sourcecode.swift; path = LoginButton.swift; sourceTree = "<group>"; };
		F111548A1C8D925200FA6059 /* LunarCalendarView.swift */ = {isa = PBXFileReference; fileEncoding = 4; lastKnownFileType = sourcecode.swift; path = LunarCalendarView.swift; sourceTree = "<group>"; };
		F111548B1C8D925200FA6059 /* LunarCalendarView.xib */ = {isa = PBXFileReference; fileEncoding = 4; lastKnownFileType = file.xib; path = LunarCalendarView.xib; sourceTree = "<group>"; };
		F111548C1C8D925200FA6059 /* LunarSolarConverter.swift */ = {isa = PBXFileReference; fileEncoding = 4; lastKnownFileType = sourcecode.swift; path = LunarSolarConverter.swift; sourceTree = "<group>"; };
		F111548D1C8D925200FA6059 /* RandCodeImageView.swift */ = {isa = PBXFileReference; fileEncoding = 4; lastKnownFileType = sourcecode.swift; path = RandCodeImageView.swift; sourceTree = "<group>"; };
		F11154971C8D927C00FA6059 /* StationData.swift */ = {isa = PBXFileReference; fileEncoding = 4; lastKnownFileType = sourcecode.swift; name = StationData.swift; path = 12306ForMac/StationData.swift; sourceTree = "<group>"; };
		F111549A1C8D929200FA6059 /* Service+Login.swift */ = {isa = PBXFileReference; fileEncoding = 4; lastKnownFileType = sourcecode.swift; path = "Service+Login.swift"; sourceTree = "<group>"; };
		F111549B1C8D929200FA6059 /* Service+Order.swift */ = {isa = PBXFileReference; fileEncoding = 4; lastKnownFileType = sourcecode.swift; path = "Service+Order.swift"; sourceTree = "<group>"; };
		F111549C1C8D929200FA6059 /* Service+QueryOrder.swift */ = {isa = PBXFileReference; fileEncoding = 4; lastKnownFileType = sourcecode.swift; path = "Service+QueryOrder.swift"; sourceTree = "<group>"; };
		F111549D1C8D929200FA6059 /* Service+QueryTicket.swift */ = {isa = PBXFileReference; fileEncoding = 4; lastKnownFileType = sourcecode.swift; path = "Service+QueryTicket.swift"; sourceTree = "<group>"; };
		F111549E1C8D929200FA6059 /* Service.swift */ = {isa = PBXFileReference; fileEncoding = 4; lastKnownFileType = sourcecode.swift; path = Service.swift; sourceTree = "<group>"; };
		F11154A51C8D92A700FA6059 /* LoginWindowController.swift */ = {isa = PBXFileReference; fileEncoding = 4; lastKnownFileType = sourcecode.swift; path = LoginWindowController.swift; sourceTree = "<group>"; };
		F11154A61C8D92A700FA6059 /* LoginWindowController.xib */ = {isa = PBXFileReference; fileEncoding = 4; lastKnownFileType = file.xib; path = LoginWindowController.xib; sourceTree = "<group>"; };
		F11154A71C8D92A700FA6059 /* PreOrderWindowController.swift */ = {isa = PBXFileReference; fileEncoding = 4; lastKnownFileType = sourcecode.swift; path = PreOrderWindowController.swift; sourceTree = "<group>"; };
		F11154A81C8D92A700FA6059 /* PreOrderWindowController.xib */ = {isa = PBXFileReference; fileEncoding = 4; lastKnownFileType = file.xib; path = PreOrderWindowController.xib; sourceTree = "<group>"; };
		F11154AE1C8D92C100FA6059 /* OrderViewController.swift */ = {isa = PBXFileReference; fileEncoding = 4; lastKnownFileType = sourcecode.swift; path = OrderViewController.swift; sourceTree = "<group>"; };
		F11154AF1C8D92C100FA6059 /* OrderViewController.xib */ = {isa = PBXFileReference; fileEncoding = 4; lastKnownFileType = file.xib; path = OrderViewController.xib; sourceTree = "<group>"; };
		F11154B31C8D92D000FA6059 /* DisclosureViewController.swift */ = {isa = PBXFileReference; fileEncoding = 4; lastKnownFileType = sourcecode.swift; path = "DisclosureViewController\U001b\U001b.swift"; sourceTree = "<group>"; };
		F11154B41C8D92D000FA6059 /* DisclosureViewController.xib */ = {isa = PBXFileReference; fileEncoding = 4; lastKnownFileType = file.xib; path = DisclosureViewController.xib; sourceTree = "<group>"; };
		F11154B51C8D92D000FA6059 /* NormalSearchViewController.swift */ = {isa = PBXFileReference; fileEncoding = 4; lastKnownFileType = sourcecode.swift; path = NormalSearchViewController.swift; sourceTree = "<group>"; };
		F11154B61C8D92D000FA6059 /* NormalSearchViewController.xib */ = {isa = PBXFileReference; fileEncoding = 4; lastKnownFileType = file.xib; path = NormalSearchViewController.xib; sourceTree = "<group>"; };
		F11154B71C8D92D000FA6059 /* PassengerSelectViewController.swift */ = {isa = PBXFileReference; fileEncoding = 4; lastKnownFileType = sourcecode.swift; path = PassengerSelectViewController.swift; sourceTree = "<group>"; };
		F11154B81C8D92D000FA6059 /* PassengerSelectViewController.xib */ = {isa = PBXFileReference; fileEncoding = 4; lastKnownFileType = file.xib; path = PassengerSelectViewController.xib; sourceTree = "<group>"; };
		F11154B91C8D92D000FA6059 /* PassengerViewController.swift */ = {isa = PBXFileReference; fileEncoding = 4; lastKnownFileType = sourcecode.swift; path = PassengerViewController.swift; sourceTree = "<group>"; };
		F11154BA1C8D92D000FA6059 /* PassengerViewController.xib */ = {isa = PBXFileReference; fileEncoding = 4; lastKnownFileType = file.xib; path = PassengerViewController.xib; sourceTree = "<group>"; };
		F11154BB1C8D92D000FA6059 /* TicketTableViewController.swift */ = {isa = PBXFileReference; fileEncoding = 4; lastKnownFileType = sourcecode.swift; path = TicketTableViewController.swift; sourceTree = "<group>"; };
		F11154BC1C8D92D000FA6059 /* TicketTableViewController.xib */ = {isa = PBXFileReference; fileEncoding = 4; lastKnownFileType = file.xib; path = TicketTableViewController.xib; sourceTree = "<group>"; };
		F11154C71C8D92FC00FA6059 /* AppDelegate.swift */ = {isa = PBXFileReference; fileEncoding = 4; lastKnownFileType = sourcecode.swift; name = AppDelegate.swift; path = 12306ForMac/AppDelegate.swift; sourceTree = "<group>"; };
		F11154CB1C8D931500FA6059 /* MainWindowController.swift */ = {isa = PBXFileReference; fileEncoding = 4; lastKnownFileType = sourcecode.swift; name = MainWindowController.swift; path = 12306ForMac/MainWindowController.swift; sourceTree = "<group>"; };
		F11154CC1C8D931500FA6059 /* MainWindowController.xib */ = {isa = PBXFileReference; fileEncoding = 4; lastKnownFileType = file.xib; name = MainWindowController.xib; path = 12306ForMac/MainWindowController.xib; sourceTree = "<group>"; };
		F11154D21C8D936300FA6059 /* Base */ = {isa = PBXFileReference; lastKnownFileType = file.xib; name = Base; path = 12306ForMac/Base.lproj/MainMenu.xib; sourceTree = "<group>"; };
		F11154D41C8D937E00FA6059 /* Images.xcassets */ = {isa = PBXFileReference; lastKnownFileType = folder.assetcatalog; name = Images.xcassets; path = 12306ForMac/Images.xcassets; sourceTree = SOURCE_ROOT; };
		F11154E11C8D93B300FA6059 /* Add.png */ = {isa = PBXFileReference; lastKnownFileType = image.png; name = Add.png; path = 12306ForMac/images/Add.png; sourceTree = SOURCE_ROOT; };
		F11154E21C8D93B300FA6059 /* CalendarTemplate.png */ = {isa = PBXFileReference; lastKnownFileType = image.png; name = CalendarTemplate.png; path = 12306ForMac/images/CalendarTemplate.png; sourceTree = SOURCE_ROOT; };
		F11154E31C8D93B300FA6059 /* Group.png */ = {isa = PBXFileReference; lastKnownFileType = image.png; name = Group.png; path = 12306ForMac/images/Group.png; sourceTree = SOURCE_ROOT; };
		F11154E41C8D93B300FA6059 /* SettingsTemplate.png */ = {isa = PBXFileReference; lastKnownFileType = image.png; name = SettingsTemplate.png; path = 12306ForMac/images/SettingsTemplate.png; sourceTree = SOURCE_ROOT; };
		F11154E91C8D945C00FA6059 /* Info.plist */ = {isa = PBXFileReference; fileEncoding = 4; lastKnownFileType = text.plist.xml; name = Info.plist; path = 12306ForMac/Info.plist; sourceTree = SOURCE_ROOT; };
		F11EB45A1B6A368E000063E4 /* 12306ForMac.app */ = {isa = PBXFileReference; explicitFileType = wrapper.application; includeInIndex = 0; path = 12306ForMac.app; sourceTree = BUILT_PRODUCTS_DIR; };
		F1CC36461B6B244C0074A014 /* 12306ForMac-Swift.h */ = {isa = PBXFileReference; fileEncoding = 4; lastKnownFileType = sourcecode.c.h; path = "12306ForMac-Swift.h"; sourceTree = "<group>"; };
		F1D390A31C8F177F000B3FD7 /* RandCodeImageView2.swift */ = {isa = PBXFileReference; fileEncoding = 4; lastKnownFileType = sourcecode.swift; path = RandCodeImageView2.swift; sourceTree = "<group>"; };
		F1E7EA221C5A2E7B007715C1 /* INAppStoreWindowSwizzling.c */ = {isa = PBXFileReference; fileEncoding = 4; lastKnownFileType = sourcecode.c.c; path = INAppStoreWindowSwizzling.c; sourceTree = "<group>"; };
		F1E7EA231C5A2E7B007715C1 /* INAppStoreWindowSwizzling.h */ = {isa = PBXFileReference; fileEncoding = 4; lastKnownFileType = sourcecode.c.h; path = INAppStoreWindowSwizzling.h; sourceTree = "<group>"; };
		F1E7EA241C5A2E7B007715C1 /* INWindowBackgroundView+CoreUIRendering.h */ = {isa = PBXFileReference; fileEncoding = 4; lastKnownFileType = sourcecode.c.h; path = "INWindowBackgroundView+CoreUIRendering.h"; sourceTree = "<group>"; };
		F1E7EA251C5A2E7B007715C1 /* INWindowBackgroundView+CoreUIRendering.m */ = {isa = PBXFileReference; fileEncoding = 4; lastKnownFileType = sourcecode.c.objc; path = "INWindowBackgroundView+CoreUIRendering.m"; sourceTree = "<group>"; };
		F1E7EA261C5A2E7B007715C1 /* NSDocument+INAppStoreWindowFixes.h */ = {isa = PBXFileReference; fileEncoding = 4; lastKnownFileType = sourcecode.c.h; path = "NSDocument+INAppStoreWindowFixes.h"; sourceTree = "<group>"; };
		F1E7EA271C5A2E7B007715C1 /* NSDocument+INAppStoreWindowFixes.m */ = {isa = PBXFileReference; fileEncoding = 4; lastKnownFileType = sourcecode.c.objc; path = "NSDocument+INAppStoreWindowFixes.m"; sourceTree = "<group>"; };
		F1E7EA281C5A2E7B007715C1 /* INAppStoreWindow.h */ = {isa = PBXFileReference; fileEncoding = 4; lastKnownFileType = sourcecode.c.h; path = INAppStoreWindow.h; sourceTree = "<group>"; };
		F1E7EA291C5A2E7B007715C1 /* INAppStoreWindow.m */ = {isa = PBXFileReference; fileEncoding = 4; lastKnownFileType = sourcecode.c.objc; path = INAppStoreWindow.m; sourceTree = "<group>"; };
		F1E7EA2A1C5A2E7B007715C1 /* INAppStoreWindowCompatibility.h */ = {isa = PBXFileReference; fileEncoding = 4; lastKnownFileType = sourcecode.c.h; path = INAppStoreWindowCompatibility.h; sourceTree = "<group>"; };
		F1E7EA2B1C5A2E7B007715C1 /* INWindowButton.h */ = {isa = PBXFileReference; fileEncoding = 4; lastKnownFileType = sourcecode.c.h; path = INWindowButton.h; sourceTree = "<group>"; };
		F1E7EA2C1C5A2E7B007715C1 /* INWindowButton.m */ = {isa = PBXFileReference; fileEncoding = 4; lastKnownFileType = sourcecode.c.objc; path = INWindowButton.m; sourceTree = "<group>"; };
/* End PBXFileReference section */

/* Begin PBXFrameworksBuildPhase section */
		F11EB4571B6A368E000063E4 /* Frameworks */ = {
			isa = PBXFrameworksBuildPhase;
			buildActionMask = 2147483647;
			files = (
				39A7F741AF1BBBC1B0E8B416 /* Pods.framework in Frameworks */,
			);
			runOnlyForDeploymentPostprocessing = 0;
		};
/* End PBXFrameworksBuildPhase section */

/* Begin PBXGroup section */
		261B13F41F4566381D40C5BA /* Pods */ = {
			isa = PBXGroup;
			children = (
				37638C4EC63999790EA677D6 /* Pods.debug.xcconfig */,
				4362C8555FDE04134EAB4433 /* Pods.release.xcconfig */,
			);
			name = Pods;
			sourceTree = "<group>";
		};
		7EE5AE4095B588D2CBD04072 /* Frameworks */ = {
			isa = PBXGroup;
			children = (
				4E7211EBA20157CBFCD3A071 /* Pods.framework */,
			);
			name = Frameworks;
			sourceTree = "<group>";
		};
		F11154611C8D91B300FA6059 /* 12306ForMac */ = {
			isa = PBXGroup;
			children = (
				F11154971C8D927C00FA6059 /* StationData.swift */,
				F11154621C8D91F800FA6059 /* README.md */,
				F11154631C8D91F800FA6059 /* srca.cer */,
				F11154B21C8D92D000FA6059 /* TicketViewControllers */,
				F11154AD1C8D92C100FA6059 /* OrderViewControllers */,
				F11154A41C8D92A700FA6059 /* Sheets */,
				F11154991C8D929200FA6059 /* Service */,
				F11154831C8D925200FA6059 /* UserControls */,
				F111547A1C8D923C00FA6059 /* Utilities */,
				F11154691C8D921400FA6059 /* Model */,
				F11154661C8D920600FA6059 /* RealmModel */,
				F11154D11C8D936300FA6059 /* MainMenu.xib */,
				F11154C71C8D92FC00FA6059 /* AppDelegate.swift */,
				F11154CB1C8D931500FA6059 /* MainWindowController.swift */,
				F11154CC1C8D931500FA6059 /* MainWindowController.xib */,
				F11EB45D1B6A368E000063E4 /* Supporting Files */,
			);
			name = 12306ForMac;
			sourceTree = "<group>";
		};
		F11154661C8D920600FA6059 /* RealmModel */ = {
			isa = PBXGroup;
			children = (
				F11154671C8D920600FA6059 /* User.swift */,
			);
			name = RealmModel;
			path = 12306ForMac/RealmModel;
			sourceTree = "<group>";
		};
		F11154691C8D921400FA6059 /* Model */ = {
			isa = PBXGroup;
			children = (
				F111546A1C8D921400FA6059 /* LeftTicketParam.swift */,
				F111546B1C8D921400FA6059 /* MainModel.swift */,
				F111546C1C8D921400FA6059 /* OrderDTO.swift */,
				F111546D1C8D921400FA6059 /* OrderQueueResult.swift */,
				F111546E1C8D921400FA6059 /* PassengerDTO.swift */,
				F111546F1C8D921400FA6059 /* QueryLeftNewDTO.swift */,
				F11154701C8D921400FA6059 /* QueryOrderParam.swift */,
				F11154711C8D921400FA6059 /* QueryOrderWaitTimeResult.swift */,
			);
			name = Model;
			path = 12306ForMac/Model;
			sourceTree = "<group>";
		};
		F111547A1C8D923C00FA6059 /* Utilities */ = {
			isa = PBXGroup;
			children = (
				F111547B1C8D923C00FA6059 /* SwiftyJSON.swift */,
				F111547C1C8D923C00FA6059 /* SwiftyRegex.swift */,
				F111547D1C8D923C00FA6059 /* UserDefaultManager.swift */,
				F111547E1C8D923C00FA6059 /* XCGLogger.swift */,
			);
			name = Utilities;
			path = 12306ForMac/Utilities;
			sourceTree = "<group>";
		};
		F11154831C8D925200FA6059 /* UserControls */ = {
			isa = PBXGroup;
			children = (
				F11154841C8D925200FA6059 /* AutoCompleteTextField.swift */,
				F11154851C8D925200FA6059 /* FlashLabel.swift */,
				F11154861C8D925200FA6059 /* GlassView.swift */,
				F11154871C8D925200FA6059 /* ItemCellView.swift */,
				F11154881C8D925200FA6059 /* LoginButton.swift */,
				F11154891C8D925200FA6059 /* LunarCalendar */,
				F111548D1C8D925200FA6059 /* RandCodeImageView.swift */,
				F1D390A31C8F177F000B3FD7 /* RandCodeImageView2.swift */,
			);
			name = UserControls;
			path = 12306ForMac/UserControls;
			sourceTree = "<group>";
		};
		F11154891C8D925200FA6059 /* LunarCalendar */ = {
			isa = PBXGroup;
			children = (
				F111548A1C8D925200FA6059 /* LunarCalendarView.swift */,
				F111548B1C8D925200FA6059 /* LunarCalendarView.xib */,
				F111548C1C8D925200FA6059 /* LunarSolarConverter.swift */,
			);
			path = LunarCalendar;
			sourceTree = "<group>";
		};
		F11154991C8D929200FA6059 /* Service */ = {
			isa = PBXGroup;
			children = (
				F111549A1C8D929200FA6059 /* Service+Login.swift */,
				F111549B1C8D929200FA6059 /* Service+Order.swift */,
				F111549C1C8D929200FA6059 /* Service+QueryOrder.swift */,
				F111549D1C8D929200FA6059 /* Service+QueryTicket.swift */,
				F111549E1C8D929200FA6059 /* Service.swift */,
			);
			name = Service;
			path = 12306ForMac/Service;
			sourceTree = "<group>";
		};
		F11154A41C8D92A700FA6059 /* Sheets */ = {
			isa = PBXGroup;
			children = (
				F11154A51C8D92A700FA6059 /* LoginWindowController.swift */,
				F11154A61C8D92A700FA6059 /* LoginWindowController.xib */,
				F11154A71C8D92A700FA6059 /* PreOrderWindowController.swift */,
				F11154A81C8D92A700FA6059 /* PreOrderWindowController.xib */,
			);
			name = Sheets;
			path = 12306ForMac/Sheets;
			sourceTree = "<group>";
		};
		F11154AD1C8D92C100FA6059 /* OrderViewControllers */ = {
			isa = PBXGroup;
			children = (
				F11154AE1C8D92C100FA6059 /* OrderViewController.swift */,
				F11154AF1C8D92C100FA6059 /* OrderViewController.xib */,
			);
			name = OrderViewControllers;
			path = 12306ForMac/OrderViewControllers;
			sourceTree = "<group>";
		};
		F11154B21C8D92D000FA6059 /* TicketViewControllers */ = {
			isa = PBXGroup;
			children = (
				F11154B31C8D92D000FA6059 /* DisclosureViewController.swift */,
				F11154B41C8D92D000FA6059 /* DisclosureViewController.xib */,
				F11154B51C8D92D000FA6059 /* NormalSearchViewController.swift */,
				F11154B61C8D92D000FA6059 /* NormalSearchViewController.xib */,
				F11154B71C8D92D000FA6059 /* PassengerSelectViewController.swift */,
				F11154B81C8D92D000FA6059 /* PassengerSelectViewController.xib */,
				F11154B91C8D92D000FA6059 /* PassengerViewController.swift */,
				F11154BA1C8D92D000FA6059 /* PassengerViewController.xib */,
				F11154BB1C8D92D000FA6059 /* TicketTableViewController.swift */,
				F11154BC1C8D92D000FA6059 /* TicketTableViewController.xib */,
			);
			name = TicketViewControllers;
			path = 12306ForMac/TicketViewControllers;
			sourceTree = "<group>";
		};
		F11EB4511B6A368E000063E4 = {
			isa = PBXGroup;
			children = (
				F1CC36461B6B244C0074A014 /* 12306ForMac-Swift.h */,
				F1E7EA201C5A2E7B007715C1 /* INAppStoreWindow */,
				F11154611C8D91B300FA6059 /* 12306ForMac */,
				F11EB45B1B6A368E000063E4 /* Products */,
				261B13F41F4566381D40C5BA /* Pods */,
				7EE5AE4095B588D2CBD04072 /* Frameworks */,
			);
			sourceTree = "<group>";
		};
		F11EB45B1B6A368E000063E4 /* Products */ = {
			isa = PBXGroup;
			children = (
				F11EB45A1B6A368E000063E4 /* 12306ForMac.app */,
			);
			name = Products;
			sourceTree = "<group>";
		};
		F11EB45D1B6A368E000063E4 /* Supporting Files */ = {
			isa = PBXGroup;
			children = (
				F11154E91C8D945C00FA6059 /* Info.plist */,
				F11154D41C8D937E00FA6059 /* Images.xcassets */,
				F1A8CCB01BA8032500B4FB03 /* Asserts */,
			);
			name = "Supporting Files";
			path = Train12306;
			sourceTree = "<group>";
		};
		F1A8CCB01BA8032500B4FB03 /* Asserts */ = {
			isa = PBXGroup;
			children = (
				F11154E11C8D93B300FA6059 /* Add.png */,
				F11154E21C8D93B300FA6059 /* CalendarTemplate.png */,
				F11154E31C8D93B300FA6059 /* Group.png */,
				F11154E41C8D93B300FA6059 /* SettingsTemplate.png */,
			);
			name = Asserts;
			sourceTree = "<group>";
		};
		F1E7EA201C5A2E7B007715C1 /* INAppStoreWindow */ = {
			isa = PBXGroup;
			children = (
				F1E7EA211C5A2E7B007715C1 /* Extensions */,
				F1E7EA281C5A2E7B007715C1 /* INAppStoreWindow.h */,
				F1E7EA291C5A2E7B007715C1 /* INAppStoreWindow.m */,
				F1E7EA2A1C5A2E7B007715C1 /* INAppStoreWindowCompatibility.h */,
				F1E7EA2B1C5A2E7B007715C1 /* INWindowButton.h */,
				F1E7EA2C1C5A2E7B007715C1 /* INWindowButton.m */,
			);
			path = INAppStoreWindow;
			sourceTree = SOURCE_ROOT;
		};
		F1E7EA211C5A2E7B007715C1 /* Extensions */ = {
			isa = PBXGroup;
			children = (
				F1E7EA221C5A2E7B007715C1 /* INAppStoreWindowSwizzling.c */,
				F1E7EA231C5A2E7B007715C1 /* INAppStoreWindowSwizzling.h */,
				F1E7EA241C5A2E7B007715C1 /* INWindowBackgroundView+CoreUIRendering.h */,
				F1E7EA251C5A2E7B007715C1 /* INWindowBackgroundView+CoreUIRendering.m */,
				F1E7EA261C5A2E7B007715C1 /* NSDocument+INAppStoreWindowFixes.h */,
				F1E7EA271C5A2E7B007715C1 /* NSDocument+INAppStoreWindowFixes.m */,
			);
			path = Extensions;
			sourceTree = "<group>";
		};
/* End PBXGroup section */

/* Begin PBXNativeTarget section */
		F11EB4591B6A368E000063E4 /* 12306ForMac */ = {
			isa = PBXNativeTarget;
			buildConfigurationList = F11EB4741B6A368E000063E4 /* Build configuration list for PBXNativeTarget "12306ForMac" */;
			buildPhases = (
				01EFCD70E9D7C95CBA6F6FC8 /* Check Pods Manifest.lock */,
				F11EB4561B6A368E000063E4 /* Sources */,
				F11EB4571B6A368E000063E4 /* Frameworks */,
				F11EB4581B6A368E000063E4 /* Resources */,
				29751BBD7219098990551AF9 /* Copy Pods Resources */,
				F2F0DE1760B0AA8F071CBCAB /* Embed Pods Frameworks */,
			);
			buildRules = (
			);
			dependencies = (
			);
			name = 12306ForMac;
			productName = Train12306;
			productReference = F11EB45A1B6A368E000063E4 /* 12306ForMac.app */;
			productType = "com.apple.product-type.application";
		};
/* End PBXNativeTarget section */

/* Begin PBXProject section */
		F11EB4521B6A368E000063E4 /* Project object */ = {
			isa = PBXProject;
			attributes = {
				LastSwiftMigration = 0700;
				LastSwiftUpdateCheck = 0700;
				LastUpgradeCheck = 0700;
				ORGANIZATIONNAME = fancy;
				TargetAttributes = {
					F11EB4591B6A368E000063E4 = {
						CreatedOnToolsVersion = 6.4;
						DevelopmentTeam = B88D2XN634;
					};
				};
			};
			buildConfigurationList = F11EB4551B6A368E000063E4 /* Build configuration list for PBXProject "12306ForMac" */;
			compatibilityVersion = "Xcode 3.2";
			developmentRegion = English;
			hasScannedForEncodings = 0;
			knownRegions = (
				en,
				Base,
			);
			mainGroup = F11EB4511B6A368E000063E4;
			productRefGroup = F11EB45B1B6A368E000063E4 /* Products */;
			projectDirPath = "";
			projectRoot = "";
			targets = (
				F11EB4591B6A368E000063E4 /* 12306ForMac */,
			);
		};
/* End PBXProject section */

/* Begin PBXResourcesBuildPhase section */
		F11EB4581B6A368E000063E4 /* Resources */ = {
			isa = PBXResourcesBuildPhase;
			buildActionMask = 2147483647;
			files = (
				F11154E81C8D93B300FA6059 /* SettingsTemplate.png in Resources */,
				F11154AA1C8D92A700FA6059 /* LoginWindowController.xib in Resources */,
				F11154C21C8D92D000FA6059 /* PassengerSelectViewController.xib in Resources */,
				F11154B11C8D92C100FA6059 /* OrderViewController.xib in Resources */,
				F11154D31C8D936300FA6059 /* MainMenu.xib in Resources */,
				F11154651C8D91F800FA6059 /* srca.cer in Resources */,
				F11154C61C8D92D000FA6059 /* TicketTableViewController.xib in Resources */,
				F11154941C8D925200FA6059 /* LunarCalendarView.xib in Resources */,
				F11154D01C8D931500FA6059 /* MainWindowController.xib in Resources */,
				F11154D61C8D937E00FA6059 /* Images.xcassets in Resources */,
				F11154C01C8D92D000FA6059 /* NormalSearchViewController.xib in Resources */,
				F11154E51C8D93B300FA6059 /* Add.png in Resources */,
				F11154C41C8D92D000FA6059 /* PassengerViewController.xib in Resources */,
				F11154E71C8D93B300FA6059 /* Group.png in Resources */,
				F11154BE1C8D92D000FA6059 /* DisclosureViewController.xib in Resources */,
				F11154E61C8D93B300FA6059 /* CalendarTemplate.png in Resources */,
				F11154AC1C8D92A700FA6059 /* PreOrderWindowController.xib in Resources */,
			);
			runOnlyForDeploymentPostprocessing = 0;
		};
/* End PBXResourcesBuildPhase section */

/* Begin PBXShellScriptBuildPhase section */
		01EFCD70E9D7C95CBA6F6FC8 /* Check Pods Manifest.lock */ = {
			isa = PBXShellScriptBuildPhase;
			buildActionMask = 2147483647;
			files = (
			);
			inputPaths = (
			);
			name = "Check Pods Manifest.lock";
			outputPaths = (
			);
			runOnlyForDeploymentPostprocessing = 0;
			shellPath = /bin/sh;
			shellScript = "diff \"${PODS_ROOT}/../Podfile.lock\" \"${PODS_ROOT}/Manifest.lock\" > /dev/null\nif [[ $? != 0 ]] ; then\n    cat << EOM\nerror: The sandbox is not in sync with the Podfile.lock. Run 'pod install' or update your CocoaPods installation.\nEOM\n    exit 1\nfi\n";
			showEnvVarsInLog = 0;
		};
		29751BBD7219098990551AF9 /* Copy Pods Resources */ = {
			isa = PBXShellScriptBuildPhase;
			buildActionMask = 2147483647;
			files = (
			);
			inputPaths = (
			);
			name = "Copy Pods Resources";
			outputPaths = (
			);
			runOnlyForDeploymentPostprocessing = 0;
			shellPath = /bin/sh;
			shellScript = "\"${SRCROOT}/Pods/Target Support Files/Pods/Pods-resources.sh\"\n";
			showEnvVarsInLog = 0;
		};
		F2F0DE1760B0AA8F071CBCAB /* Embed Pods Frameworks */ = {
			isa = PBXShellScriptBuildPhase;
			buildActionMask = 2147483647;
			files = (
			);
			inputPaths = (
			);
			name = "Embed Pods Frameworks";
			outputPaths = (
			);
			runOnlyForDeploymentPostprocessing = 0;
			shellPath = /bin/sh;
			shellScript = "\"${SRCROOT}/Pods/Target Support Files/Pods/Pods-frameworks.sh\"\n";
			showEnvVarsInLog = 0;
		};
/* End PBXShellScriptBuildPhase section */

/* Begin PBXSourcesBuildPhase section */
		F11EB4561B6A368E000063E4 /* Sources */ = {
			isa = PBXSourcesBuildPhase;
			buildActionMask = 2147483647;
			files = (
				F11154CF1C8D931500FA6059 /* MainWindowController.swift in Sources */,
				F11154C11C8D92D000FA6059 /* PassengerSelectViewController.swift in Sources */,
				F11154801C8D923C00FA6059 /* SwiftyRegex.swift in Sources */,
				F11154781C8D921400FA6059 /* QueryOrderParam.swift in Sources */,
				F11154C81C8D92FC00FA6059 /* AppDelegate.swift in Sources */,
				F111548E1C8D925200FA6059 /* AutoCompleteTextField.swift in Sources */,
				F11154731C8D921400FA6059 /* MainModel.swift in Sources */,
				F11154791C8D921400FA6059 /* QueryOrderWaitTimeResult.swift in Sources */,
				F11154771C8D921400FA6059 /* QueryLeftNewDTO.swift in Sources */,
				F111549F1C8D929200FA6059 /* Service+Login.swift in Sources */,
				F111548F1C8D925200FA6059 /* FlashLabel.swift in Sources */,
				F11154981C8D927C00FA6059 /* StationData.swift in Sources */,
				F111547F1C8D923C00FA6059 /* SwiftyJSON.swift in Sources */,
				F11154741C8D921400FA6059 /* OrderDTO.swift in Sources */,
				F11154931C8D925200FA6059 /* LunarCalendarView.swift in Sources */,
				F1E7EA2F1C5A2E7B007715C1 /* NSDocument+INAppStoreWindowFixes.m in Sources */,
				F1E7EA2D1C5A2E7B007715C1 /* INAppStoreWindowSwizzling.c in Sources */,
				F11154911C8D925200FA6059 /* ItemCellView.swift in Sources */,
				F11154C51C8D92D000FA6059 /* TicketTableViewController.swift in Sources */,
				F11154AB1C8D92A700FA6059 /* PreOrderWindowController.swift in Sources */,
				F11154901C8D925200FA6059 /* GlassView.swift in Sources */,
				F11154961C8D925200FA6059 /* RandCodeImageView.swift in Sources */,
				F11154681C8D920600FA6059 /* User.swift in Sources */,
				F1E7EA301C5A2E7B007715C1 /* INAppStoreWindow.m in Sources */,
				F1E7EA311C5A2E7B007715C1 /* INWindowButton.m in Sources */,
				F11154BF1C8D92D000FA6059 /* NormalSearchViewController.swift in Sources */,
				F11154811C8D923C00FA6059 /* UserDefaultManager.swift in Sources */,
				F11154A01C8D929200FA6059 /* Service+Order.swift in Sources */,
				F11154C31C8D92D000FA6059 /* PassengerViewController.swift in Sources */,
				F1D390A41C8F177F000B3FD7 /* RandCodeImageView2.swift in Sources */,
				F1E7EA2E1C5A2E7B007715C1 /* INWindowBackgroundView+CoreUIRendering.m in Sources */,
				F11154761C8D921400FA6059 /* PassengerDTO.swift in Sources */,
				F11154A31C8D929200FA6059 /* Service.swift in Sources */,
				F11154951C8D925200FA6059 /* LunarSolarConverter.swift in Sources */,
				F11154721C8D921400FA6059 /* LeftTicketParam.swift in Sources */,
				F11154A11C8D929200FA6059 /* Service+QueryOrder.swift in Sources */,
				F11154BD1C8D92D000FA6059 /* DisclosureViewController.swift in Sources */,
				F11154A21C8D929200FA6059 /* Service+QueryTicket.swift in Sources */,
				F11154A91C8D92A700FA6059 /* LoginWindowController.swift in Sources */,
				F11154751C8D921400FA6059 /* OrderQueueResult.swift in Sources */,
				F11154B01C8D92C100FA6059 /* OrderViewController.swift in Sources */,
				F11154821C8D923C00FA6059 /* XCGLogger.swift in Sources */,
				F11154921C8D925200FA6059 /* LoginButton.swift in Sources */,
			);
			runOnlyForDeploymentPostprocessing = 0;
		};
/* End PBXSourcesBuildPhase section */

/* Begin PBXVariantGroup section */
		F11154D11C8D936300FA6059 /* MainMenu.xib */ = {
			isa = PBXVariantGroup;
			children = (
				F11154D21C8D936300FA6059 /* Base */,
			);
			name = MainMenu.xib;
			sourceTree = "<group>";
		};
/* End PBXVariantGroup section */

/* Begin XCBuildConfiguration section */
		F11EB4721B6A368E000063E4 /* Debug */ = {
			isa = XCBuildConfiguration;
			buildSettings = {
				ALWAYS_SEARCH_USER_PATHS = NO;
				CLANG_CXX_LANGUAGE_STANDARD = "gnu++0x";
				CLANG_CXX_LIBRARY = "libc++";
				CLANG_ENABLE_MODULES = YES;
				CLANG_ENABLE_OBJC_ARC = YES;
				CLANG_WARN_BOOL_CONVERSION = YES;
				CLANG_WARN_CONSTANT_CONVERSION = YES;
				CLANG_WARN_DIRECT_OBJC_ISA_USAGE = YES_ERROR;
				CLANG_WARN_EMPTY_BODY = YES;
				CLANG_WARN_ENUM_CONVERSION = YES;
				CLANG_WARN_INT_CONVERSION = YES;
				CLANG_WARN_OBJC_ROOT_CLASS = YES_ERROR;
				CLANG_WARN_UNREACHABLE_CODE = YES;
				CLANG_WARN__DUPLICATE_METHOD_MATCH = YES;
				CODE_SIGN_IDENTITY = "-";
				COPY_PHASE_STRIP = NO;
				DEBUG_INFORMATION_FORMAT = dwarf;
				DEFINES_MODULE = YES;
				ENABLE_STRICT_OBJC_MSGSEND = YES;
				ENABLE_TESTABILITY = YES;
				GCC_C_LANGUAGE_STANDARD = gnu99;
				GCC_DYNAMIC_NO_PIC = NO;
				GCC_NO_COMMON_BLOCKS = YES;
				GCC_OPTIMIZATION_LEVEL = 0;
				GCC_PREPROCESSOR_DEFINITIONS = (
					"DEBUG=1",
					"$(inherited)",
				);
				GCC_SYMBOLS_PRIVATE_EXTERN = NO;
				GCC_WARN_64_TO_32_BIT_CONVERSION = YES;
				GCC_WARN_ABOUT_RETURN_TYPE = YES_ERROR;
				GCC_WARN_UNDECLARED_SELECTOR = YES;
				GCC_WARN_UNINITIALIZED_AUTOS = YES_AGGRESSIVE;
				GCC_WARN_UNUSED_FUNCTION = YES;
				GCC_WARN_UNUSED_VARIABLE = YES;
				MACOSX_DEPLOYMENT_TARGET = 10.10;
				MTL_ENABLE_DEBUG_INFO = YES;
				ONLY_ACTIVE_ARCH = YES;
				SDKROOT = macosx;
				SWIFT_OPTIMIZATION_LEVEL = "-Onone";
			};
			name = Debug;
		};
		F11EB4731B6A368E000063E4 /* Release */ = {
			isa = XCBuildConfiguration;
			buildSettings = {
				ALWAYS_SEARCH_USER_PATHS = NO;
				CLANG_CXX_LANGUAGE_STANDARD = "gnu++0x";
				CLANG_CXX_LIBRARY = "libc++";
				CLANG_ENABLE_MODULES = YES;
				CLANG_ENABLE_OBJC_ARC = YES;
				CLANG_WARN_BOOL_CONVERSION = YES;
				CLANG_WARN_CONSTANT_CONVERSION = YES;
				CLANG_WARN_DIRECT_OBJC_ISA_USAGE = YES_ERROR;
				CLANG_WARN_EMPTY_BODY = YES;
				CLANG_WARN_ENUM_CONVERSION = YES;
				CLANG_WARN_INT_CONVERSION = YES;
				CLANG_WARN_OBJC_ROOT_CLASS = YES_ERROR;
				CLANG_WARN_UNREACHABLE_CODE = YES;
				CLANG_WARN__DUPLICATE_METHOD_MATCH = YES;
				CODE_SIGN_IDENTITY = "-";
				COPY_PHASE_STRIP = NO;
				DEBUG_INFORMATION_FORMAT = "dwarf-with-dsym";
				DEFINES_MODULE = YES;
				ENABLE_NS_ASSERTIONS = NO;
				ENABLE_STRICT_OBJC_MSGSEND = YES;
				GCC_C_LANGUAGE_STANDARD = gnu99;
				GCC_NO_COMMON_BLOCKS = YES;
				GCC_WARN_64_TO_32_BIT_CONVERSION = YES;
				GCC_WARN_ABOUT_RETURN_TYPE = YES_ERROR;
				GCC_WARN_UNDECLARED_SELECTOR = YES;
				GCC_WARN_UNINITIALIZED_AUTOS = YES_AGGRESSIVE;
				GCC_WARN_UNUSED_FUNCTION = YES;
				GCC_WARN_UNUSED_VARIABLE = YES;
				MACOSX_DEPLOYMENT_TARGET = 10.10;
				MTL_ENABLE_DEBUG_INFO = NO;
				SDKROOT = macosx;
			};
			name = Release;
		};
		F11EB4751B6A368E000063E4 /* Debug */ = {
			isa = XCBuildConfiguration;
			baseConfigurationReference = 37638C4EC63999790EA677D6 /* Pods.debug.xcconfig */;
			buildSettings = {
				ASSETCATALOG_COMPILER_APPICON_NAME = AppIcon;
				CLANG_ENABLE_MODULES = YES;
				"CODE_SIGN_IDENTITY[sdk=macosx*]" = "Mac Developer";
				COMBINE_HIDPI_IMAGES = YES;
				DEFINES_MODULE = YES;
				INFOPLIST_FILE = 12306ForMac/Info.plist;
				LD_RUNPATH_SEARCH_PATHS = "$(inherited) @executable_path/../Frameworks";
				MACOSX_DEPLOYMENT_TARGET = 10.10;
				PRODUCT_BUNDLE_IDENTIFIER = fancymax.12306ForMac;
				PRODUCT_NAME = 12306ForMac;
				PROVISIONING_PROFILE = "";
				SWIFT_OBJC_BRIDGING_HEADER = "12306ForMac-Bridging-Header.h";
				"SWIFT_OBJC_BRIDGING_HEADER[arch=*]" = "12306ForMac-Swift.h";
				SWIFT_OPTIMIZATION_LEVEL = "-Onone";
			};
			name = Debug;
		};
		F11EB4761B6A368E000063E4 /* Release */ = {
			isa = XCBuildConfiguration;
			baseConfigurationReference = 4362C8555FDE04134EAB4433 /* Pods.release.xcconfig */;
			buildSettings = {
				ASSETCATALOG_COMPILER_APPICON_NAME = AppIcon;
				CLANG_ENABLE_MODULES = YES;
				"CODE_SIGN_IDENTITY[sdk=macosx*]" = "Mac Developer";
				COMBINE_HIDPI_IMAGES = YES;
				DEFINES_MODULE = YES;
				INFOPLIST_FILE = 12306ForMac/Info.plist;
				LD_RUNPATH_SEARCH_PATHS = "$(inherited) @executable_path/../Frameworks";
				MACOSX_DEPLOYMENT_TARGET = 10.10;
				PRODUCT_BUNDLE_IDENTIFIER = fancymax.12306ForMac;
				PRODUCT_NAME = 12306ForMac;
				PROVISIONING_PROFILE = "";
				SWIFT_OBJC_BRIDGING_HEADER = "12306ForMac-Bridging-Header.h";
				"SWIFT_OBJC_BRIDGING_HEADER[arch=*]" = "12306ForMac-Swift.h";
			};
			name = Release;
		};
/* End XCBuildConfiguration section */

/* Begin XCConfigurationList section */
		F11EB4551B6A368E000063E4 /* Build configuration list for PBXProject "12306ForMac" */ = {
			isa = XCConfigurationList;
			buildConfigurations = (
				F11EB4721B6A368E000063E4 /* Debug */,
				F11EB4731B6A368E000063E4 /* Release */,
			);
			defaultConfigurationIsVisible = 0;
			defaultConfigurationName = Release;
		};
		F11EB4741B6A368E000063E4 /* Build configuration list for PBXNativeTarget "12306ForMac" */ = {
			isa = XCConfigurationList;
			buildConfigurations = (
				F11EB4751B6A368E000063E4 /* Debug */,
				F11EB4761B6A368E000063E4 /* Release */,
			);
			defaultConfigurationIsVisible = 0;
			defaultConfigurationName = Release;
		};
/* End XCConfigurationList section */
	};
	rootObject = F11EB4521B6A368E000063E4 /* Project object */;
}
