// !$*UTF8*$!
{
	archiveVersion = 1;
	classes = {
	};
	objectVersion = 46;
	objects = {

/* Begin PBXBuildFile section */
		39A7F741AF1BBBC1B0E8B416 /* Pods.framework in Frameworks */ = {isa = PBXBuildFile; fileRef = 4E7211EBA20157CBFCD3A071 /* Pods.framework */; settings = {ATTRIBUTES = (Weak, ); }; };
		F10F40431C682AD900709095 /* Add.png in Resources */ = {isa = PBXBuildFile; fileRef = F10F40421C682AD900709095 /* Add.png */; };
		F1171D231C72DA510053A56F /* QueryOrderParam.swift in Sources */ = {isa = PBXBuildFile; fileRef = F1171D221C72DA510053A56F /* QueryOrderParam.swift */; };
		F1171D271C7300ED0053A56F /* OrderDTO.swift in Sources */ = {isa = PBXBuildFile; fileRef = F1171D261C7300ED0053A56F /* OrderDTO.swift */; };
		F11E3CC21C144AA60099D457 /* LoginPopoverViewController.swift in Sources */ = {isa = PBXBuildFile; fileRef = F11E3CC01C144AA60099D457 /* LoginPopoverViewController.swift */; };
		F11E3CC31C144AA60099D457 /* LoginPopoverViewController.xib in Resources */ = {isa = PBXBuildFile; fileRef = F11E3CC11C144AA60099D457 /* LoginPopoverViewController.xib */; };
		F11EB4601B6A368E000063E4 /* AppDelegate.swift in Sources */ = {isa = PBXBuildFile; fileRef = F11EB45F1B6A368E000063E4 /* AppDelegate.swift */; };
		F11EB4651B6A368E000063E4 /* MainMenu.xib in Resources */ = {isa = PBXBuildFile; fileRef = F11EB4631B6A368E000063E4 /* MainMenu.xib */; };
		F11EB4711B6A368E000063E4 /* Train12306Tests.swift in Sources */ = {isa = PBXBuildFile; fileRef = F11EB4701B6A368E000063E4 /* Train12306Tests.swift */; };
		F11EB47C1B6A36A9000063E4 /* MainWindowController.swift in Sources */ = {isa = PBXBuildFile; fileRef = F11EB47A1B6A36A9000063E4 /* MainWindowController.swift */; };
		F11EB47D1B6A36A9000063E4 /* MainWindowController.xib in Resources */ = {isa = PBXBuildFile; fileRef = F11EB47B1B6A36A9000063E4 /* MainWindowController.xib */; };
		F13FCECD1C77FA41001162FA /* Service+QueryOrder.swift in Sources */ = {isa = PBXBuildFile; fileRef = F13FCECC1C77FA41001162FA /* Service+QueryOrder.swift */; };
		F13FFBCE1B70CEF600A329E6 /* StationData.swift in Sources */ = {isa = PBXBuildFile; fileRef = F13FFBCD1B70CEF600A329E6 /* StationData.swift */; };
		F159FAB91C6741370024BEAB /* DisclosureViewController.swift in Sources */ = {isa = PBXBuildFile; fileRef = F159FAAF1C6741370024BEAB /* DisclosureViewController.swift */; };
		F159FABA1C6741370024BEAB /* DisclosureViewController.xib in Resources */ = {isa = PBXBuildFile; fileRef = F159FAB01C6741370024BEAB /* DisclosureViewController.xib */; };
		F159FABB1C6741370024BEAB /* NormalSearchViewController.swift in Sources */ = {isa = PBXBuildFile; fileRef = F159FAB11C6741370024BEAB /* NormalSearchViewController.swift */; };
		F159FABC1C6741370024BEAB /* NormalSearchViewController.xib in Resources */ = {isa = PBXBuildFile; fileRef = F159FAB21C6741370024BEAB /* NormalSearchViewController.xib */; };
		F159FABD1C6741370024BEAB /* PassengerSelectViewController.swift in Sources */ = {isa = PBXBuildFile; fileRef = F159FAB31C6741370024BEAB /* PassengerSelectViewController.swift */; };
		F159FABE1C6741370024BEAB /* PassengerSelectViewController.xib in Resources */ = {isa = PBXBuildFile; fileRef = F159FAB41C6741370024BEAB /* PassengerSelectViewController.xib */; };
		F159FABF1C6741370024BEAB /* PassengerViewController.swift in Sources */ = {isa = PBXBuildFile; fileRef = F159FAB51C6741370024BEAB /* PassengerViewController.swift */; };
		F159FAC01C6741370024BEAB /* PassengerViewController.xib in Resources */ = {isa = PBXBuildFile; fileRef = F159FAB61C6741370024BEAB /* PassengerViewController.xib */; };
		F159FAC11C6741370024BEAB /* TicketTableViewController.swift in Sources */ = {isa = PBXBuildFile; fileRef = F159FAB71C6741370024BEAB /* TicketTableViewController.swift */; };
		F159FAC21C6741370024BEAB /* TicketTableViewController.xib in Resources */ = {isa = PBXBuildFile; fileRef = F159FAB81C6741370024BEAB /* TicketTableViewController.xib */; };
		F16A04D01C72C22400662191 /* OrderViewController.swift in Sources */ = {isa = PBXBuildFile; fileRef = F16A04CE1C72C22400662191 /* OrderViewController.swift */; };
		F16A04D11C72C22400662191 /* OrderViewController.xib in Resources */ = {isa = PBXBuildFile; fileRef = F16A04CF1C72C22400662191 /* OrderViewController.xib */; };
		F17C8BB31C63767100837392 /* README.md in Sources */ = {isa = PBXBuildFile; fileRef = F17C8BB21C63767100837392 /* README.md */; };
		F19D3D0A1C62120D005369CF /* srca.cer in Resources */ = {isa = PBXBuildFile; fileRef = F19D3D091C62120D005369CF /* srca.cer */; };
		F19D3D101C621598005369CF /* LoginWindowController.swift in Sources */ = {isa = PBXBuildFile; fileRef = F19D3D0C1C621598005369CF /* LoginWindowController.swift */; };
		F19D3D111C621598005369CF /* LoginWindowController.xib in Resources */ = {isa = PBXBuildFile; fileRef = F19D3D0D1C621598005369CF /* LoginWindowController.xib */; };
		F19D3D121C621598005369CF /* PreOrderWindowController.swift in Sources */ = {isa = PBXBuildFile; fileRef = F19D3D0E1C621598005369CF /* PreOrderWindowController.swift */; };
		F19D3D131C621598005369CF /* PreOrderWindowController.xib in Resources */ = {isa = PBXBuildFile; fileRef = F19D3D0F1C621598005369CF /* PreOrderWindowController.xib */; };
		F1AA8AA41B9D7A200062C43D /* Images.xcassets in Resources */ = {isa = PBXBuildFile; fileRef = F1AA8AA31B9D7A200062C43D /* Images.xcassets */; };
		F1E37C541C7734A000C80B7C /* User.swift in Sources */ = {isa = PBXBuildFile; fileRef = F1E37C531C7734A000C80B7C /* User.swift */; };
		F1E7EA2D1C5A2E7B007715C1 /* INAppStoreWindowSwizzling.c in Sources */ = {isa = PBXBuildFile; fileRef = F1E7EA221C5A2E7B007715C1 /* INAppStoreWindowSwizzling.c */; };
		F1E7EA2E1C5A2E7B007715C1 /* INWindowBackgroundView+CoreUIRendering.m in Sources */ = {isa = PBXBuildFile; fileRef = F1E7EA251C5A2E7B007715C1 /* INWindowBackgroundView+CoreUIRendering.m */; };
		F1E7EA2F1C5A2E7B007715C1 /* NSDocument+INAppStoreWindowFixes.m in Sources */ = {isa = PBXBuildFile; fileRef = F1E7EA271C5A2E7B007715C1 /* NSDocument+INAppStoreWindowFixes.m */; };
		F1E7EA301C5A2E7B007715C1 /* INAppStoreWindow.m in Sources */ = {isa = PBXBuildFile; fileRef = F1E7EA291C5A2E7B007715C1 /* INAppStoreWindow.m */; };
		F1E7EA311C5A2E7B007715C1 /* INWindowButton.m in Sources */ = {isa = PBXBuildFile; fileRef = F1E7EA2C1C5A2E7B007715C1 /* INWindowButton.m */; };
		F1F520A41C87E43C002C13D7 /* OrderQueueResult.swift in Sources */ = {isa = PBXBuildFile; fileRef = F1F520A31C87E43C002C13D7 /* OrderQueueResult.swift */; };
		F1F520A81C87E70C002C13D7 /* QueryOrderWaitTimeResult.swift in Sources */ = {isa = PBXBuildFile; fileRef = F1F520A71C87E70C002C13D7 /* QueryOrderWaitTimeResult.swift */; };
		F1F69B891C61BB5500F4C4A6 /* CalendarTemplate.png in Resources */ = {isa = PBXBuildFile; fileRef = F1F69B861C61BB5500F4C4A6 /* CalendarTemplate.png */; };
		F1F69B8A1C61BB5500F4C4A6 /* Group.png in Resources */ = {isa = PBXBuildFile; fileRef = F1F69B871C61BB5500F4C4A6 /* Group.png */; };
		F1F69B8B1C61BB5500F4C4A6 /* SettingsTemplate.png in Resources */ = {isa = PBXBuildFile; fileRef = F1F69B881C61BB5500F4C4A6 /* SettingsTemplate.png */; };
		F1F69B911C61BBF800F4C4A6 /* AutoCompleteTextField.swift in Sources */ = {isa = PBXBuildFile; fileRef = F1F69B8D1C61BBF800F4C4A6 /* AutoCompleteTextField.swift */; };
		F1F69B921C61BBF800F4C4A6 /* FlashLabel.swift in Sources */ = {isa = PBXBuildFile; fileRef = F1F69B8E1C61BBF800F4C4A6 /* FlashLabel.swift */; };
		F1F69B931C61BBF800F4C4A6 /* ItemCellView.swift in Sources */ = {isa = PBXBuildFile; fileRef = F1F69B8F1C61BBF800F4C4A6 /* ItemCellView.swift */; };
		F1F69B941C61BBF800F4C4A6 /* LoginButton.swift in Sources */ = {isa = PBXBuildFile; fileRef = F1F69B901C61BBF800F4C4A6 /* LoginButton.swift */; };
		F1F69B961C61BC1E00F4C4A6 /* RandCodeImageView.swift in Sources */ = {isa = PBXBuildFile; fileRef = F1F69B951C61BC1E00F4C4A6 /* RandCodeImageView.swift */; };
		F1F69B9B1C61BC7E00F4C4A6 /* LunarCalendarView.swift in Sources */ = {isa = PBXBuildFile; fileRef = F1F69B981C61BC7E00F4C4A6 /* LunarCalendarView.swift */; };
		F1F69B9C1C61BC7E00F4C4A6 /* LunarCalendarView.xib in Resources */ = {isa = PBXBuildFile; fileRef = F1F69B991C61BC7E00F4C4A6 /* LunarCalendarView.xib */; };
		F1F69B9D1C61BC7E00F4C4A6 /* LunarSolarConverter.swift in Sources */ = {isa = PBXBuildFile; fileRef = F1F69B9A1C61BC7E00F4C4A6 /* LunarSolarConverter.swift */; };
		F1F69B9F1C61BCA700F4C4A6 /* GlassView.swift in Sources */ = {isa = PBXBuildFile; fileRef = F1F69B9E1C61BCA700F4C4A6 /* GlassView.swift */; };
		F1F69BA61C61BDAD00F4C4A6 /* SwiftyJSON.swift in Sources */ = {isa = PBXBuildFile; fileRef = F1F69BA21C61BDAD00F4C4A6 /* SwiftyJSON.swift */; };
		F1F69BA71C61BDAD00F4C4A6 /* SwiftyRegex.swift in Sources */ = {isa = PBXBuildFile; fileRef = F1F69BA31C61BDAD00F4C4A6 /* SwiftyRegex.swift */; };
		F1F69BA81C61BDAD00F4C4A6 /* XCGLogger.swift in Sources */ = {isa = PBXBuildFile; fileRef = F1F69BA41C61BDAD00F4C4A6 /* XCGLogger.swift */; };
		F1F69BAA1C61BDDE00F4C4A6 /* UserDefaultManager.swift in Sources */ = {isa = PBXBuildFile; fileRef = F1F69BA91C61BDDE00F4C4A6 /* UserDefaultManager.swift */; };
		F1F69BB11C61BE6600F4C4A6 /* LeftTicketParam.swift in Sources */ = {isa = PBXBuildFile; fileRef = F1F69BAC1C61BE6600F4C4A6 /* LeftTicketParam.swift */; };
		F1F69BB21C61BE6600F4C4A6 /* MainModel.swift in Sources */ = {isa = PBXBuildFile; fileRef = F1F69BAD1C61BE6600F4C4A6 /* MainModel.swift */; };
		F1F69BB31C61BE6600F4C4A6 /* QueryLeftNewDTO.swift in Sources */ = {isa = PBXBuildFile; fileRef = F1F69BAE1C61BE6600F4C4A6 /* QueryLeftNewDTO.swift */; };
		F1F69BB71C61BE7D00F4C4A6 /* PassengerDTO.swift in Sources */ = {isa = PBXBuildFile; fileRef = F1F69BB61C61BE7D00F4C4A6 /* PassengerDTO.swift */; };
		F1F69BBC1C61BECD00F4C4A6 /* Service.swift in Sources */ = {isa = PBXBuildFile; fileRef = F1F69BB81C61BECD00F4C4A6 /* Service.swift */; };
		F1F69BBD1C61BECD00F4C4A6 /* Service+Login.swift in Sources */ = {isa = PBXBuildFile; fileRef = F1F69BB91C61BECD00F4C4A6 /* Service+Login.swift */; };
		F1F69BBE1C61BECD00F4C4A6 /* Service+QueryTicket.swift in Sources */ = {isa = PBXBuildFile; fileRef = F1F69BBA1C61BECD00F4C4A6 /* Service+QueryTicket.swift */; };
		F1F69BBF1C61BECD00F4C4A6 /* Service+Order.swift in Sources */ = {isa = PBXBuildFile; fileRef = F1F69BBB1C61BECD00F4C4A6 /* Service+Order.swift */; };
/* End PBXBuildFile section */

/* Begin PBXContainerItemProxy section */
		F11EB46B1B6A368E000063E4 /* PBXContainerItemProxy */ = {
			isa = PBXContainerItemProxy;
			containerPortal = F11EB4521B6A368E000063E4 /* Project object */;
			proxyType = 1;
			remoteGlobalIDString = F11EB4591B6A368E000063E4;
			remoteInfo = Train12306;
		};
/* End PBXContainerItemProxy section */

/* Begin PBXFileReference section */
		37638C4EC63999790EA677D6 /* Pods.debug.xcconfig */ = {isa = PBXFileReference; includeInIndex = 1; lastKnownFileType = text.xcconfig; name = Pods.debug.xcconfig; path = "Pods/Target Support Files/Pods/Pods.debug.xcconfig"; sourceTree = "<group>"; };
		4362C8555FDE04134EAB4433 /* Pods.release.xcconfig */ = {isa = PBXFileReference; includeInIndex = 1; lastKnownFileType = text.xcconfig; name = Pods.release.xcconfig; path = "Pods/Target Support Files/Pods/Pods.release.xcconfig"; sourceTree = "<group>"; };
		4E7211EBA20157CBFCD3A071 /* Pods.framework */ = {isa = PBXFileReference; explicitFileType = wrapper.framework; includeInIndex = 0; path = Pods.framework; sourceTree = BUILT_PRODUCTS_DIR; };
		F10F40421C682AD900709095 /* Add.png */ = {isa = PBXFileReference; lastKnownFileType = image.png; name = Add.png; path = Images/Add.png; sourceTree = "<group>"; };
		F1171D221C72DA510053A56F /* QueryOrderParam.swift */ = {isa = PBXFileReference; fileEncoding = 4; lastKnownFileType = sourcecode.swift; name = QueryOrderParam.swift; path = Model/QueryOrderParam.swift; sourceTree = "<group>"; };
		F1171D261C7300ED0053A56F /* OrderDTO.swift */ = {isa = PBXFileReference; fileEncoding = 4; lastKnownFileType = sourcecode.swift; name = OrderDTO.swift; path = Model/OrderDTO.swift; sourceTree = "<group>"; };
		F11E3CC01C144AA60099D457 /* LoginPopoverViewController.swift */ = {isa = PBXFileReference; fileEncoding = 4; lastKnownFileType = sourcecode.swift; path = LoginPopoverViewController.swift; sourceTree = "<group>"; };
		F11E3CC11C144AA60099D457 /* LoginPopoverViewController.xib */ = {isa = PBXFileReference; fileEncoding = 4; lastKnownFileType = file.xib; path = LoginPopoverViewController.xib; sourceTree = "<group>"; };
		F11EB45A1B6A368E000063E4 /* Train12306.app */ = {isa = PBXFileReference; explicitFileType = wrapper.application; includeInIndex = 0; path = Train12306.app; sourceTree = BUILT_PRODUCTS_DIR; };
		F11EB45E1B6A368E000063E4 /* Info.plist */ = {isa = PBXFileReference; lastKnownFileType = text.plist.xml; path = Info.plist; sourceTree = "<group>"; };
		F11EB45F1B6A368E000063E4 /* AppDelegate.swift */ = {isa = PBXFileReference; lastKnownFileType = sourcecode.swift; path = AppDelegate.swift; sourceTree = "<group>"; };
		F11EB4641B6A368E000063E4 /* Base */ = {isa = PBXFileReference; lastKnownFileType = file.xib; name = Base; path = Base.lproj/MainMenu.xib; sourceTree = "<group>"; };
		F11EB46A1B6A368E000063E4 /* Train12306.xctest */ = {isa = PBXFileReference; explicitFileType = wrapper.cfbundle; includeInIndex = 0; path = Train12306.xctest; sourceTree = BUILT_PRODUCTS_DIR; };
		F11EB46F1B6A368E000063E4 /* Info.plist */ = {isa = PBXFileReference; lastKnownFileType = text.plist.xml; path = Info.plist; sourceTree = "<group>"; };
		F11EB4701B6A368E000063E4 /* Train12306Tests.swift */ = {isa = PBXFileReference; lastKnownFileType = sourcecode.swift; path = Train12306Tests.swift; sourceTree = "<group>"; };
		F11EB47A1B6A36A9000063E4 /* MainWindowController.swift */ = {isa = PBXFileReference; fileEncoding = 4; lastKnownFileType = sourcecode.swift; path = MainWindowController.swift; sourceTree = "<group>"; };
		F11EB47B1B6A36A9000063E4 /* MainWindowController.xib */ = {isa = PBXFileReference; fileEncoding = 4; lastKnownFileType = file.xib; path = MainWindowController.xib; sourceTree = "<group>"; };
		F13FCECC1C77FA41001162FA /* Service+QueryOrder.swift */ = {isa = PBXFileReference; fileEncoding = 4; lastKnownFileType = sourcecode.swift; name = "Service+QueryOrder.swift"; path = "Service/Service+QueryOrder.swift"; sourceTree = "<group>"; };
		F13FFBCD1B70CEF600A329E6 /* StationData.swift */ = {isa = PBXFileReference; fileEncoding = 4; lastKnownFileType = sourcecode.swift; path = StationData.swift; sourceTree = "<group>"; };
		F159FAAF1C6741370024BEAB /* DisclosureViewController.swift */ = {isa = PBXFileReference; fileEncoding = 4; lastKnownFileType = sourcecode.swift; name = "DisclosureViewController\U001b\U001b.swift"; path = "TicketViewControllers/DisclosureViewController\U001b\U001b.swift"; sourceTree = "<group>"; };
		F159FAB01C6741370024BEAB /* DisclosureViewController.xib */ = {isa = PBXFileReference; fileEncoding = 4; lastKnownFileType = file.xib; name = DisclosureViewController.xib; path = TicketViewControllers/DisclosureViewController.xib; sourceTree = "<group>"; };
		F159FAB11C6741370024BEAB /* NormalSearchViewController.swift */ = {isa = PBXFileReference; fileEncoding = 4; lastKnownFileType = sourcecode.swift; name = NormalSearchViewController.swift; path = TicketViewControllers/NormalSearchViewController.swift; sourceTree = "<group>"; };
		F159FAB21C6741370024BEAB /* NormalSearchViewController.xib */ = {isa = PBXFileReference; fileEncoding = 4; lastKnownFileType = file.xib; name = NormalSearchViewController.xib; path = TicketViewControllers/NormalSearchViewController.xib; sourceTree = "<group>"; };
		F159FAB31C6741370024BEAB /* PassengerSelectViewController.swift */ = {isa = PBXFileReference; fileEncoding = 4; lastKnownFileType = sourcecode.swift; name = PassengerSelectViewController.swift; path = TicketViewControllers/PassengerSelectViewController.swift; sourceTree = "<group>"; };
		F159FAB41C6741370024BEAB /* PassengerSelectViewController.xib */ = {isa = PBXFileReference; fileEncoding = 4; lastKnownFileType = file.xib; name = PassengerSelectViewController.xib; path = TicketViewControllers/PassengerSelectViewController.xib; sourceTree = "<group>"; };
		F159FAB51C6741370024BEAB /* PassengerViewController.swift */ = {isa = PBXFileReference; fileEncoding = 4; lastKnownFileType = sourcecode.swift; name = PassengerViewController.swift; path = TicketViewControllers/PassengerViewController.swift; sourceTree = "<group>"; };
		F159FAB61C6741370024BEAB /* PassengerViewController.xib */ = {isa = PBXFileReference; fileEncoding = 4; lastKnownFileType = file.xib; name = PassengerViewController.xib; path = TicketViewControllers/PassengerViewController.xib; sourceTree = "<group>"; };
		F159FAB71C6741370024BEAB /* TicketTableViewController.swift */ = {isa = PBXFileReference; fileEncoding = 4; lastKnownFileType = sourcecode.swift; name = TicketTableViewController.swift; path = TicketViewControllers/TicketTableViewController.swift; sourceTree = "<group>"; };
		F159FAB81C6741370024BEAB /* TicketTableViewController.xib */ = {isa = PBXFileReference; fileEncoding = 4; lastKnownFileType = file.xib; name = TicketTableViewController.xib; path = TicketViewControllers/TicketTableViewController.xib; sourceTree = "<group>"; };
		F16A04CE1C72C22400662191 /* OrderViewController.swift */ = {isa = PBXFileReference; fileEncoding = 4; lastKnownFileType = sourcecode.swift; name = OrderViewController.swift; path = OrderViewControllers/OrderViewController.swift; sourceTree = "<group>"; };
		F16A04CF1C72C22400662191 /* OrderViewController.xib */ = {isa = PBXFileReference; fileEncoding = 4; lastKnownFileType = file.xib; name = OrderViewController.xib; path = OrderViewControllers/OrderViewController.xib; sourceTree = "<group>"; };
		F17C8BB21C63767100837392 /* README.md */ = {isa = PBXFileReference; fileEncoding = 4; lastKnownFileType = net.daringfireball.markdown; path = README.md; sourceTree = SOURCE_ROOT; };
		F19D3D091C62120D005369CF /* srca.cer */ = {isa = PBXFileReference; lastKnownFileType = file; path = srca.cer; sourceTree = SOURCE_ROOT; };
		F19D3D0C1C621598005369CF /* LoginWindowController.swift */ = {isa = PBXFileReference; fileEncoding = 4; lastKnownFileType = sourcecode.swift; name = LoginWindowController.swift; path = Sheets/LoginWindowController.swift; sourceTree = "<group>"; };
		F19D3D0D1C621598005369CF /* LoginWindowController.xib */ = {isa = PBXFileReference; fileEncoding = 4; lastKnownFileType = file.xib; name = LoginWindowController.xib; path = Sheets/LoginWindowController.xib; sourceTree = "<group>"; };
		F19D3D0E1C621598005369CF /* PreOrderWindowController.swift */ = {isa = PBXFileReference; fileEncoding = 4; lastKnownFileType = sourcecode.swift; name = PreOrderWindowController.swift; path = Sheets/PreOrderWindowController.swift; sourceTree = "<group>"; };
		F19D3D0F1C621598005369CF /* PreOrderWindowController.xib */ = {isa = PBXFileReference; fileEncoding = 4; lastKnownFileType = file.xib; name = PreOrderWindowController.xib; path = Sheets/PreOrderWindowController.xib; sourceTree = "<group>"; };
		F1AA8AA31B9D7A200062C43D /* Images.xcassets */ = {isa = PBXFileReference; lastKnownFileType = folder.assetcatalog; path = Images.xcassets; sourceTree = "<group>"; };
		F1CC36461B6B244C0074A014 /* Train12306-Swift.h */ = {isa = PBXFileReference; fileEncoding = 4; lastKnownFileType = sourcecode.c.h; path = "Train12306-Swift.h"; sourceTree = "<group>"; };
		F1E37C531C7734A000C80B7C /* User.swift */ = {isa = PBXFileReference; fileEncoding = 4; lastKnownFileType = sourcecode.swift; name = User.swift; path = RealmModel/User.swift; sourceTree = "<group>"; };
		F1E7EA221C5A2E7B007715C1 /* INAppStoreWindowSwizzling.c */ = {isa = PBXFileReference; fileEncoding = 4; lastKnownFileType = sourcecode.c.c; path = INAppStoreWindowSwizzling.c; sourceTree = "<group>"; };
		F1E7EA231C5A2E7B007715C1 /* INAppStoreWindowSwizzling.h */ = {isa = PBXFileReference; fileEncoding = 4; lastKnownFileType = sourcecode.c.h; path = INAppStoreWindowSwizzling.h; sourceTree = "<group>"; };
		F1E7EA241C5A2E7B007715C1 /* INWindowBackgroundView+CoreUIRendering.h */ = {isa = PBXFileReference; fileEncoding = 4; lastKnownFileType = sourcecode.c.h; path = "INWindowBackgroundView+CoreUIRendering.h"; sourceTree = "<group>"; };
		F1E7EA251C5A2E7B007715C1 /* INWindowBackgroundView+CoreUIRendering.m */ = {isa = PBXFileReference; fileEncoding = 4; lastKnownFileType = sourcecode.c.objc; path = "INWindowBackgroundView+CoreUIRendering.m"; sourceTree = "<group>"; };
		F1E7EA261C5A2E7B007715C1 /* NSDocument+INAppStoreWindowFixes.h */ = {isa = PBXFileReference; fileEncoding = 4; lastKnownFileType = sourcecode.c.h; path = "NSDocument+INAppStoreWindowFixes.h"; sourceTree = "<group>"; };
		F1E7EA271C5A2E7B007715C1 /* NSDocument+INAppStoreWindowFixes.m */ = {isa = PBXFileReference; fileEncoding = 4; lastKnownFileType = sourcecode.c.objc; path = "NSDocument+INAppStoreWindowFixes.m"; sourceTree = "<group>"; };
		F1E7EA281C5A2E7B007715C1 /* INAppStoreWindow.h */ = {isa = PBXFileReference; fileEncoding = 4; lastKnownFileType = sourcecode.c.h; path = INAppStoreWindow.h; sourceTree = "<group>"; };
		F1E7EA291C5A2E7B007715C1 /* INAppStoreWindow.m */ = {isa = PBXFileReference; fileEncoding = 4; lastKnownFileType = sourcecode.c.objc; path = INAppStoreWindow.m; sourceTree = "<group>"; };
		F1E7EA2A1C5A2E7B007715C1 /* INAppStoreWindowCompatibility.h */ = {isa = PBXFileReference; fileEncoding = 4; lastKnownFileType = sourcecode.c.h; path = INAppStoreWindowCompatibility.h; sourceTree = "<group>"; };
		F1E7EA2B1C5A2E7B007715C1 /* INWindowButton.h */ = {isa = PBXFileReference; fileEncoding = 4; lastKnownFileType = sourcecode.c.h; path = INWindowButton.h; sourceTree = "<group>"; };
		F1E7EA2C1C5A2E7B007715C1 /* INWindowButton.m */ = {isa = PBXFileReference; fileEncoding = 4; lastKnownFileType = sourcecode.c.objc; path = INWindowButton.m; sourceTree = "<group>"; };
		F1F520A31C87E43C002C13D7 /* OrderQueueResult.swift */ = {isa = PBXFileReference; fileEncoding = 4; lastKnownFileType = sourcecode.swift; name = "OrderQueueResult\U001b.swift"; path = "Model/OrderQueueResult\U001b.swift"; sourceTree = "<group>"; };
		F1F520A71C87E70C002C13D7 /* QueryOrderWaitTimeResult.swift */ = {isa = PBXFileReference; fileEncoding = 4; lastKnownFileType = sourcecode.swift; name = QueryOrderWaitTimeResult.swift; path = Model/QueryOrderWaitTimeResult.swift; sourceTree = "<group>"; };
		F1F69B861C61BB5500F4C4A6 /* CalendarTemplate.png */ = {isa = PBXFileReference; lastKnownFileType = image.png; name = CalendarTemplate.png; path = Images/CalendarTemplate.png; sourceTree = "<group>"; };
		F1F69B871C61BB5500F4C4A6 /* Group.png */ = {isa = PBXFileReference; lastKnownFileType = image.png; name = Group.png; path = Images/Group.png; sourceTree = "<group>"; };
		F1F69B881C61BB5500F4C4A6 /* SettingsTemplate.png */ = {isa = PBXFileReference; lastKnownFileType = image.png; name = SettingsTemplate.png; path = Images/SettingsTemplate.png; sourceTree = "<group>"; };
		F1F69B8D1C61BBF800F4C4A6 /* AutoCompleteTextField.swift */ = {isa = PBXFileReference; fileEncoding = 4; lastKnownFileType = sourcecode.swift; name = AutoCompleteTextField.swift; path = UserControls/AutoCompleteTextField.swift; sourceTree = "<group>"; };
		F1F69B8E1C61BBF800F4C4A6 /* FlashLabel.swift */ = {isa = PBXFileReference; fileEncoding = 4; lastKnownFileType = sourcecode.swift; name = FlashLabel.swift; path = UserControls/FlashLabel.swift; sourceTree = "<group>"; };
		F1F69B8F1C61BBF800F4C4A6 /* ItemCellView.swift */ = {isa = PBXFileReference; fileEncoding = 4; lastKnownFileType = sourcecode.swift; name = ItemCellView.swift; path = UserControls/ItemCellView.swift; sourceTree = "<group>"; };
		F1F69B901C61BBF800F4C4A6 /* LoginButton.swift */ = {isa = PBXFileReference; fileEncoding = 4; lastKnownFileType = sourcecode.swift; name = LoginButton.swift; path = UserControls/LoginButton.swift; sourceTree = "<group>"; };
		F1F69B951C61BC1E00F4C4A6 /* RandCodeImageView.swift */ = {isa = PBXFileReference; fileEncoding = 4; lastKnownFileType = sourcecode.swift; name = RandCodeImageView.swift; path = UserControls/RandCodeImageView.swift; sourceTree = "<group>"; };
		F1F69B981C61BC7E00F4C4A6 /* LunarCalendarView.swift */ = {isa = PBXFileReference; fileEncoding = 4; lastKnownFileType = sourcecode.swift; name = LunarCalendarView.swift; path = UserControls/LunarCalendar/LunarCalendarView.swift; sourceTree = "<group>"; };
		F1F69B991C61BC7E00F4C4A6 /* LunarCalendarView.xib */ = {isa = PBXFileReference; fileEncoding = 4; lastKnownFileType = file.xib; name = LunarCalendarView.xib; path = UserControls/LunarCalendar/LunarCalendarView.xib; sourceTree = "<group>"; };
		F1F69B9A1C61BC7E00F4C4A6 /* LunarSolarConverter.swift */ = {isa = PBXFileReference; fileEncoding = 4; lastKnownFileType = sourcecode.swift; name = LunarSolarConverter.swift; path = UserControls/LunarCalendar/LunarSolarConverter.swift; sourceTree = "<group>"; };
		F1F69B9E1C61BCA700F4C4A6 /* GlassView.swift */ = {isa = PBXFileReference; fileEncoding = 4; lastKnownFileType = sourcecode.swift; name = GlassView.swift; path = UserControls/GlassView.swift; sourceTree = "<group>"; };
		F1F69BA21C61BDAD00F4C4A6 /* SwiftyJSON.swift */ = {isa = PBXFileReference; fileEncoding = 4; lastKnownFileType = sourcecode.swift; name = SwiftyJSON.swift; path = Utilities/SwiftyJSON.swift; sourceTree = "<group>"; };
		F1F69BA31C61BDAD00F4C4A6 /* SwiftyRegex.swift */ = {isa = PBXFileReference; fileEncoding = 4; lastKnownFileType = sourcecode.swift; name = SwiftyRegex.swift; path = Utilities/SwiftyRegex.swift; sourceTree = "<group>"; };
		F1F69BA41C61BDAD00F4C4A6 /* XCGLogger.swift */ = {isa = PBXFileReference; fileEncoding = 4; lastKnownFileType = sourcecode.swift; name = XCGLogger.swift; path = Utilities/XCGLogger.swift; sourceTree = "<group>"; };
		F1F69BA91C61BDDE00F4C4A6 /* UserDefaultManager.swift */ = {isa = PBXFileReference; fileEncoding = 4; lastKnownFileType = sourcecode.swift; name = UserDefaultManager.swift; path = Utilities/UserDefaultManager.swift; sourceTree = "<group>"; };
		F1F69BAC1C61BE6600F4C4A6 /* LeftTicketParam.swift */ = {isa = PBXFileReference; fileEncoding = 4; lastKnownFileType = sourcecode.swift; name = LeftTicketParam.swift; path = Model/LeftTicketParam.swift; sourceTree = "<group>"; };
		F1F69BAD1C61BE6600F4C4A6 /* MainModel.swift */ = {isa = PBXFileReference; fileEncoding = 4; lastKnownFileType = sourcecode.swift; name = MainModel.swift; path = Model/MainModel.swift; sourceTree = "<group>"; };
		F1F69BAE1C61BE6600F4C4A6 /* QueryLeftNewDTO.swift */ = {isa = PBXFileReference; fileEncoding = 4; lastKnownFileType = sourcecode.swift; name = QueryLeftNewDTO.swift; path = Model/QueryLeftNewDTO.swift; sourceTree = "<group>"; };
		F1F69BB61C61BE7D00F4C4A6 /* PassengerDTO.swift */ = {isa = PBXFileReference; fileEncoding = 4; lastKnownFileType = sourcecode.swift; name = PassengerDTO.swift; path = Model/PassengerDTO.swift; sourceTree = "<group>"; };
		F1F69BB81C61BECD00F4C4A6 /* Service.swift */ = {isa = PBXFileReference; fileEncoding = 4; lastKnownFileType = sourcecode.swift; name = Service.swift; path = Service/Service.swift; sourceTree = "<group>"; };
		F1F69BB91C61BECD00F4C4A6 /* Service+Login.swift */ = {isa = PBXFileReference; fileEncoding = 4; lastKnownFileType = sourcecode.swift; name = "Service+Login.swift"; path = "Service/Service+Login.swift"; sourceTree = "<group>"; };
		F1F69BBA1C61BECD00F4C4A6 /* Service+QueryTicket.swift */ = {isa = PBXFileReference; fileEncoding = 4; lastKnownFileType = sourcecode.swift; name = "Service+QueryTicket.swift"; path = "Service/Service+QueryTicket.swift"; sourceTree = "<group>"; };
		F1F69BBB1C61BECD00F4C4A6 /* Service+Order.swift */ = {isa = PBXFileReference; fileEncoding = 4; lastKnownFileType = sourcecode.swift; name = "Service+Order.swift"; path = "Service/Service+Order.swift"; sourceTree = "<group>"; };
/* End PBXFileReference section */

/* Begin PBXFrameworksBuildPhase section */
		F11EB4571B6A368E000063E4 /* Frameworks */ = {
			isa = PBXFrameworksBuildPhase;
			buildActionMask = 2147483647;
			files = (
				39A7F741AF1BBBC1B0E8B416 /* Pods.framework in Frameworks */,
			);
			runOnlyForDeploymentPostprocessing = 0;
		};
		F11EB4671B6A368E000063E4 /* Frameworks */ = {
			isa = PBXFrameworksBuildPhase;
			buildActionMask = 2147483647;
			files = (
			);
			runOnlyForDeploymentPostprocessing = 0;
		};
/* End PBXFrameworksBuildPhase section */

/* Begin PBXGroup section */
		261B13F41F4566381D40C5BA /* Pods */ = {
			isa = PBXGroup;
			children = (
				37638C4EC63999790EA677D6 /* Pods.debug.xcconfig */,
				4362C8555FDE04134EAB4433 /* Pods.release.xcconfig */,
			);
			name = Pods;
			sourceTree = "<group>";
		};
		7EE5AE4095B588D2CBD04072 /* Frameworks */ = {
			isa = PBXGroup;
			children = (
				4E7211EBA20157CBFCD3A071 /* Pods.framework */,
			);
			name = Frameworks;
			sourceTree = "<group>";
		};
		F10D9B641B8E09EA002697DE /* StaticData */ = {
			isa = PBXGroup;
			children = (
				F13FFBCD1B70CEF600A329E6 /* StationData.swift */,
			);
			name = StaticData;
			sourceTree = "<group>";
		};
		F11EB4511B6A368E000063E4 = {
			isa = PBXGroup;
			children = (
				F1CC36461B6B244C0074A014 /* Train12306-Swift.h */,
				F1E7EA201C5A2E7B007715C1 /* INAppStoreWindow */,
				F11EB45C1B6A368E000063E4 /* Train12306 */,
				F11EB46D1B6A368E000063E4 /* Train12306Tests */,
				F11EB45B1B6A368E000063E4 /* Products */,
				261B13F41F4566381D40C5BA /* Pods */,
				7EE5AE4095B588D2CBD04072 /* Frameworks */,
			);
			sourceTree = "<group>";
		};
		F11EB45B1B6A368E000063E4 /* Products */ = {
			isa = PBXGroup;
			children = (
				F11EB45A1B6A368E000063E4 /* Train12306.app */,
				F11EB46A1B6A368E000063E4 /* Train12306.xctest */,
			);
			name = Products;
			sourceTree = "<group>";
		};
		F11EB45C1B6A368E000063E4 /* Train12306 */ = {
			isa = PBXGroup;
			children = (
				F17C8BB21C63767100837392 /* README.md */,
				F19D3D091C62120D005369CF /* srca.cer */,
				F1E37C521C77325700C80B7C /* RealmModel */,
				F1F69BAB1C61BE1200F4C4A6 /* Model */,
				F1F69BA01C61BD5700F4C4A6 /* Utilities */,
				F1F69B8C1C61BB7600F4C4A6 /* UserControls */,
				F10D9B641B8E09EA002697DE /* StaticData */,
				F13FFBC81B70CD1900A329E6 /* Service */,
				F19D3D0B1C62157E005369CF /* Sheets */,
				F159FAAD1C67402E0024BEAB /* OrderViewControllers */,
				F159FAAE1C6740580024BEAB /* TicketViewControllers */,
				F11EB45F1B6A368E000063E4 /* AppDelegate.swift */,
				F11EB4631B6A368E000063E4 /* MainMenu.xib */,
				F11EB47A1B6A36A9000063E4 /* MainWindowController.swift */,
				F11EB47B1B6A36A9000063E4 /* MainWindowController.xib */,
				F11E3CC01C144AA60099D457 /* LoginPopoverViewController.swift */,
				F11E3CC11C144AA60099D457 /* LoginPopoverViewController.xib */,
				F11EB45D1B6A368E000063E4 /* Supporting Files */,
			);
			path = Train12306;
			sourceTree = "<group>";
		};
		F11EB45D1B6A368E000063E4 /* Supporting Files */ = {
			isa = PBXGroup;
			children = (
				F1A8CCB01BA8032500B4FB03 /* Asserts */,
				F1AA8AA31B9D7A200062C43D /* Images.xcassets */,
				F11EB45E1B6A368E000063E4 /* Info.plist */,
			);
			name = "Supporting Files";
			sourceTree = "<group>";
		};
		F11EB46D1B6A368E000063E4 /* Train12306Tests */ = {
			isa = PBXGroup;
			children = (
				F11EB4701B6A368E000063E4 /* Train12306Tests.swift */,
				F11EB46E1B6A368E000063E4 /* Supporting Files */,
			);
			path = Train12306Tests;
			sourceTree = "<group>";
		};
		F11EB46E1B6A368E000063E4 /* Supporting Files */ = {
			isa = PBXGroup;
			children = (
				F11EB46F1B6A368E000063E4 /* Info.plist */,
			);
			name = "Supporting Files";
			sourceTree = "<group>";
		};
		F13FFBC81B70CD1900A329E6 /* Service */ = {
			isa = PBXGroup;
			children = (
				F1F69BB81C61BECD00F4C4A6 /* Service.swift */,
				F1F69BB91C61BECD00F4C4A6 /* Service+Login.swift */,
				F1F69BBA1C61BECD00F4C4A6 /* Service+QueryTicket.swift */,
				F1F69BBB1C61BECD00F4C4A6 /* Service+Order.swift */,
				F13FCECC1C77FA41001162FA /* Service+QueryOrder.swift */,
			);
			name = Service;
			sourceTree = "<group>";
		};
		F159FAAD1C67402E0024BEAB /* OrderViewControllers */ = {
			isa = PBXGroup;
			children = (
				F16A04CE1C72C22400662191 /* OrderViewController.swift */,
				F16A04CF1C72C22400662191 /* OrderViewController.xib */,
			);
			name = OrderViewControllers;
			sourceTree = "<group>";
		};
		F159FAAE1C6740580024BEAB /* TicketViewControllers */ = {
			isa = PBXGroup;
			children = (
				F159FAAF1C6741370024BEAB /* DisclosureViewController.swift */,
				F159FAB01C6741370024BEAB /* DisclosureViewController.xib */,
				F159FAB11C6741370024BEAB /* NormalSearchViewController.swift */,
				F159FAB21C6741370024BEAB /* NormalSearchViewController.xib */,
				F159FAB31C6741370024BEAB /* PassengerSelectViewController.swift */,
				F159FAB41C6741370024BEAB /* PassengerSelectViewController.xib */,
				F159FAB51C6741370024BEAB /* PassengerViewController.swift */,
				F159FAB61C6741370024BEAB /* PassengerViewController.xib */,
				F159FAB71C6741370024BEAB /* TicketTableViewController.swift */,
				F159FAB81C6741370024BEAB /* TicketTableViewController.xib */,
			);
			name = TicketViewControllers;
			sourceTree = "<group>";
		};
		F19D3D0B1C62157E005369CF /* Sheets */ = {
			isa = PBXGroup;
			children = (
				F19D3D0C1C621598005369CF /* LoginWindowController.swift */,
				F19D3D0D1C621598005369CF /* LoginWindowController.xib */,
				F19D3D0E1C621598005369CF /* PreOrderWindowController.swift */,
				F19D3D0F1C621598005369CF /* PreOrderWindowController.xib */,
			);
			name = Sheets;
			sourceTree = "<group>";
		};
		F1A8CCB01BA8032500B4FB03 /* Asserts */ = {
			isa = PBXGroup;
			children = (
				F10F40421C682AD900709095 /* Add.png */,
				F1F69B861C61BB5500F4C4A6 /* CalendarTemplate.png */,
				F1F69B871C61BB5500F4C4A6 /* Group.png */,
				F1F69B881C61BB5500F4C4A6 /* SettingsTemplate.png */,
			);
			name = Asserts;
			sourceTree = "<group>";
		};
		F1E37C521C77325700C80B7C /* RealmModel */ = {
			isa = PBXGroup;
			children = (
				F1E37C531C7734A000C80B7C /* User.swift */,
			);
			name = RealmModel;
			sourceTree = "<group>";
		};
		F1E7EA201C5A2E7B007715C1 /* INAppStoreWindow */ = {
			isa = PBXGroup;
			children = (
				F1E7EA211C5A2E7B007715C1 /* Extensions */,
				F1E7EA281C5A2E7B007715C1 /* INAppStoreWindow.h */,
				F1E7EA291C5A2E7B007715C1 /* INAppStoreWindow.m */,
				F1E7EA2A1C5A2E7B007715C1 /* INAppStoreWindowCompatibility.h */,
				F1E7EA2B1C5A2E7B007715C1 /* INWindowButton.h */,
				F1E7EA2C1C5A2E7B007715C1 /* INWindowButton.m */,
			);
			path = INAppStoreWindow;
			sourceTree = SOURCE_ROOT;
		};
		F1E7EA211C5A2E7B007715C1 /* Extensions */ = {
			isa = PBXGroup;
			children = (
				F1E7EA221C5A2E7B007715C1 /* INAppStoreWindowSwizzling.c */,
				F1E7EA231C5A2E7B007715C1 /* INAppStoreWindowSwizzling.h */,
				F1E7EA241C5A2E7B007715C1 /* INWindowBackgroundView+CoreUIRendering.h */,
				F1E7EA251C5A2E7B007715C1 /* INWindowBackgroundView+CoreUIRendering.m */,
				F1E7EA261C5A2E7B007715C1 /* NSDocument+INAppStoreWindowFixes.h */,
				F1E7EA271C5A2E7B007715C1 /* NSDocument+INAppStoreWindowFixes.m */,
			);
			path = Extensions;
			sourceTree = "<group>";
		};
		F1F69B8C1C61BB7600F4C4A6 /* UserControls */ = {
			isa = PBXGroup;
			children = (
				F1F69B971C61BC6E00F4C4A6 /* LunarCalendar */,
				F1F69B9E1C61BCA700F4C4A6 /* GlassView.swift */,
				F1F69B951C61BC1E00F4C4A6 /* RandCodeImageView.swift */,
				F1F69B8D1C61BBF800F4C4A6 /* AutoCompleteTextField.swift */,
				F1F69B8E1C61BBF800F4C4A6 /* FlashLabel.swift */,
				F1F69B8F1C61BBF800F4C4A6 /* ItemCellView.swift */,
				F1F69B901C61BBF800F4C4A6 /* LoginButton.swift */,
			);
			name = UserControls;
			sourceTree = "<group>";
		};
		F1F69B971C61BC6E00F4C4A6 /* LunarCalendar */ = {
			isa = PBXGroup;
			children = (
				F1F69B981C61BC7E00F4C4A6 /* LunarCalendarView.swift */,
				F1F69B991C61BC7E00F4C4A6 /* LunarCalendarView.xib */,
				F1F69B9A1C61BC7E00F4C4A6 /* LunarSolarConverter.swift */,
			);
			name = LunarCalendar;
			sourceTree = "<group>";
		};
		F1F69BA01C61BD5700F4C4A6 /* Utilities */ = {
			isa = PBXGroup;
			children = (
				F1F69BA91C61BDDE00F4C4A6 /* UserDefaultManager.swift */,
				F1F69BA21C61BDAD00F4C4A6 /* SwiftyJSON.swift */,
				F1F69BA31C61BDAD00F4C4A6 /* SwiftyRegex.swift */,
				F1F69BA41C61BDAD00F4C4A6 /* XCGLogger.swift */,
			);
			name = Utilities;
			sourceTree = "<group>";
		};
		F1F69BAB1C61BE1200F4C4A6 /* Model */ = {
			isa = PBXGroup;
			children = (
				F1F69BAD1C61BE6600F4C4A6 /* MainModel.swift */,
				F1171D261C7300ED0053A56F /* OrderDTO.swift */,
				F1171D221C72DA510053A56F /* QueryOrderParam.swift */,
				F1F69BB61C61BE7D00F4C4A6 /* PassengerDTO.swift */,
				F1F69BAC1C61BE6600F4C4A6 /* LeftTicketParam.swift */,
				F1F69BAE1C61BE6600F4C4A6 /* QueryLeftNewDTO.swift */,
				F1F520A31C87E43C002C13D7 /* OrderQueueResult.swift */,
				F1F520A71C87E70C002C13D7 /* QueryOrderWaitTimeResult.swift */,
			);
			name = Model;
			sourceTree = "<group>";
		};
/* End PBXGroup section */

/* Begin PBXNativeTarget section */
		F11EB4591B6A368E000063E4 /* Train12306 */ = {
			isa = PBXNativeTarget;
			buildConfigurationList = F11EB4741B6A368E000063E4 /* Build configuration list for PBXNativeTarget "Train12306" */;
			buildPhases = (
				01EFCD70E9D7C95CBA6F6FC8 /* Check Pods Manifest.lock */,
				F11EB4561B6A368E000063E4 /* Sources */,
				F11EB4571B6A368E000063E4 /* Frameworks */,
				F11EB4581B6A368E000063E4 /* Resources */,
				29751BBD7219098990551AF9 /* Copy Pods Resources */,
				F2F0DE1760B0AA8F071CBCAB /* Embed Pods Frameworks */,
			);
			buildRules = (
			);
			dependencies = (
			);
			name = Train12306;
			productName = Train12306;
			productReference = F11EB45A1B6A368E000063E4 /* Train12306.app */;
			productType = "com.apple.product-type.application";
		};
		F11EB4691B6A368E000063E4 /* Train12306Tests */ = {
			isa = PBXNativeTarget;
			buildConfigurationList = F11EB4771B6A368E000063E4 /* Build configuration list for PBXNativeTarget "Train12306Tests" */;
			buildPhases = (
				F11EB4661B6A368E000063E4 /* Sources */,
				F11EB4671B6A368E000063E4 /* Frameworks */,
				F11EB4681B6A368E000063E4 /* Resources */,
			);
			buildRules = (
			);
			dependencies = (
				F11EB46C1B6A368E000063E4 /* PBXTargetDependency */,
			);
			name = Train12306Tests;
			productName = Train12306Tests;
			productReference = F11EB46A1B6A368E000063E4 /* Train12306.xctest */;
			productType = "com.apple.product-type.bundle.unit-test";
		};
/* End PBXNativeTarget section */

/* Begin PBXProject section */
		F11EB4521B6A368E000063E4 /* Project object */ = {
			isa = PBXProject;
			attributes = {
				LastSwiftMigration = 0700;
				LastSwiftUpdateCheck = 0700;
				LastUpgradeCheck = 0700;
				ORGANIZATIONNAME = fancy;
				TargetAttributes = {
					F11EB4591B6A368E000063E4 = {
						CreatedOnToolsVersion = 6.4;
					};
					F11EB4691B6A368E000063E4 = {
						CreatedOnToolsVersion = 6.4;
						TestTargetID = F11EB4591B6A368E000063E4;
					};
				};
			};
			buildConfigurationList = F11EB4551B6A368E000063E4 /* Build configuration list for PBXProject "Train12306" */;
			compatibilityVersion = "Xcode 3.2";
			developmentRegion = English;
			hasScannedForEncodings = 0;
			knownRegions = (
				en,
				Base,
			);
			mainGroup = F11EB4511B6A368E000063E4;
			productRefGroup = F11EB45B1B6A368E000063E4 /* Products */;
			projectDirPath = "";
			projectRoot = "";
			targets = (
				F11EB4591B6A368E000063E4 /* Train12306 */,
				F11EB4691B6A368E000063E4 /* Train12306Tests */,
			);
		};
/* End PBXProject section */

/* Begin PBXResourcesBuildPhase section */
		F11EB4581B6A368E000063E4 /* Resources */ = {
			isa = PBXResourcesBuildPhase;
			buildActionMask = 2147483647;
			files = (
				F11EB47D1B6A36A9000063E4 /* MainWindowController.xib in Resources */,
				F159FABA1C6741370024BEAB /* DisclosureViewController.xib in Resources */,
				F159FAC01C6741370024BEAB /* PassengerViewController.xib in Resources */,
				F1AA8AA41B9D7A200062C43D /* Images.xcassets in Resources */,
				F1F69B9C1C61BC7E00F4C4A6 /* LunarCalendarView.xib in Resources */,
				F19D3D111C621598005369CF /* LoginWindowController.xib in Resources */,
				F159FABE1C6741370024BEAB /* PassengerSelectViewController.xib in Resources */,
				F16A04D11C72C22400662191 /* OrderViewController.xib in Resources */,
				F11E3CC31C144AA60099D457 /* LoginPopoverViewController.xib in Resources */,
				F1F69B8A1C61BB5500F4C4A6 /* Group.png in Resources */,
				F159FAC21C6741370024BEAB /* TicketTableViewController.xib in Resources */,
				F19D3D0A1C62120D005369CF /* srca.cer in Resources */,
				F11EB4651B6A368E000063E4 /* MainMenu.xib in Resources */,
				F10F40431C682AD900709095 /* Add.png in Resources */,
				F19D3D131C621598005369CF /* PreOrderWindowController.xib in Resources */,
				F159FABC1C6741370024BEAB /* NormalSearchViewController.xib in Resources */,
				F1F69B891C61BB5500F4C4A6 /* CalendarTemplate.png in Resources */,
				F1F69B8B1C61BB5500F4C4A6 /* SettingsTemplate.png in Resources */,
			);
			runOnlyForDeploymentPostprocessing = 0;
		};
		F11EB4681B6A368E000063E4 /* Resources */ = {
			isa = PBXResourcesBuildPhase;
			buildActionMask = 2147483647;
			files = (
			);
			runOnlyForDeploymentPostprocessing = 0;
		};
/* End PBXResourcesBuildPhase section */

/* Begin PBXShellScriptBuildPhase section */
		01EFCD70E9D7C95CBA6F6FC8 /* Check Pods Manifest.lock */ = {
			isa = PBXShellScriptBuildPhase;
			buildActionMask = 2147483647;
			files = (
			);
			inputPaths = (
			);
			name = "Check Pods Manifest.lock";
			outputPaths = (
			);
			runOnlyForDeploymentPostprocessing = 0;
			shellPath = /bin/sh;
			shellScript = "diff \"${PODS_ROOT}/../Podfile.lock\" \"${PODS_ROOT}/Manifest.lock\" > /dev/null\nif [[ $? != 0 ]] ; then\n    cat << EOM\nerror: The sandbox is not in sync with the Podfile.lock. Run 'pod install' or update your CocoaPods installation.\nEOM\n    exit 1\nfi\n";
			showEnvVarsInLog = 0;
		};
		29751BBD7219098990551AF9 /* Copy Pods Resources */ = {
			isa = PBXShellScriptBuildPhase;
			buildActionMask = 2147483647;
			files = (
			);
			inputPaths = (
			);
			name = "Copy Pods Resources";
			outputPaths = (
			);
			runOnlyForDeploymentPostprocessing = 0;
			shellPath = /bin/sh;
			shellScript = "\"${SRCROOT}/Pods/Target Support Files/Pods/Pods-resources.sh\"\n";
			showEnvVarsInLog = 0;
		};
		F2F0DE1760B0AA8F071CBCAB /* Embed Pods Frameworks */ = {
			isa = PBXShellScriptBuildPhase;
			buildActionMask = 2147483647;
			files = (
			);
			inputPaths = (
			);
			name = "Embed Pods Frameworks";
			outputPaths = (
			);
			runOnlyForDeploymentPostprocessing = 0;
			shellPath = /bin/sh;
			shellScript = "\"${SRCROOT}/Pods/Target Support Files/Pods/Pods-frameworks.sh\"\n";
			showEnvVarsInLog = 0;
		};
/* End PBXShellScriptBuildPhase section */

/* Begin PBXSourcesBuildPhase section */
		F11EB4561B6A368E000063E4 /* Sources */ = {
			isa = PBXSourcesBuildPhase;
			buildActionMask = 2147483647;
			files = (
				F1F69B9F1C61BCA700F4C4A6 /* GlassView.swift in Sources */,
				F19D3D121C621598005369CF /* PreOrderWindowController.swift in Sources */,
				F1171D271C7300ED0053A56F /* OrderDTO.swift in Sources */,
				F1F69BA81C61BDAD00F4C4A6 /* XCGLogger.swift in Sources */,
				F1F69BA61C61BDAD00F4C4A6 /* SwiftyJSON.swift in Sources */,
				F13FCECD1C77FA41001162FA /* Service+QueryOrder.swift in Sources */,
				F1F69BB21C61BE6600F4C4A6 /* MainModel.swift in Sources */,
				F1F69BBE1C61BECD00F4C4A6 /* Service+QueryTicket.swift in Sources */,
				F1F69BBD1C61BECD00F4C4A6 /* Service+Login.swift in Sources */,
				F1F69B931C61BBF800F4C4A6 /* ItemCellView.swift in Sources */,
				F1F520A81C87E70C002C13D7 /* QueryOrderWaitTimeResult.swift in Sources */,
				F11EB47C1B6A36A9000063E4 /* MainWindowController.swift in Sources */,
				F1F69BAA1C61BDDE00F4C4A6 /* UserDefaultManager.swift in Sources */,
				F1171D231C72DA510053A56F /* QueryOrderParam.swift in Sources */,
				F1E7EA2F1C5A2E7B007715C1 /* NSDocument+INAppStoreWindowFixes.m in Sources */,
				F1E7EA2D1C5A2E7B007715C1 /* INAppStoreWindowSwizzling.c in Sources */,
				F11EB4601B6A368E000063E4 /* AppDelegate.swift in Sources */,
				F1F69B9D1C61BC7E00F4C4A6 /* LunarSolarConverter.swift in Sources */,
				F1F69B961C61BC1E00F4C4A6 /* RandCodeImageView.swift in Sources */,
				F1F69BBF1C61BECD00F4C4A6 /* Service+Order.swift in Sources */,
				F159FABB1C6741370024BEAB /* NormalSearchViewController.swift in Sources */,
				F159FAC11C6741370024BEAB /* TicketTableViewController.swift in Sources */,
				F11E3CC21C144AA60099D457 /* LoginPopoverViewController.swift in Sources */,
				F17C8BB31C63767100837392 /* README.md in Sources */,
				F1E7EA301C5A2E7B007715C1 /* INAppStoreWindow.m in Sources */,
				F1E7EA311C5A2E7B007715C1 /* INWindowButton.m in Sources */,
				F1F69B911C61BBF800F4C4A6 /* AutoCompleteTextField.swift in Sources */,
				F1F69B921C61BBF800F4C4A6 /* FlashLabel.swift in Sources */,
				F1F520A41C87E43C002C13D7 /* OrderQueueResult.swift in Sources */,
				F1F69BB31C61BE6600F4C4A6 /* QueryLeftNewDTO.swift in Sources */,
				F1E37C541C7734A000C80B7C /* User.swift in Sources */,
				F1E7EA2E1C5A2E7B007715C1 /* INWindowBackgroundView+CoreUIRendering.m in Sources */,
				F159FABF1C6741370024BEAB /* PassengerViewController.swift in Sources */,
				F159FAB91C6741370024BEAB /* DisclosureViewController.swift in Sources */,
				F159FABD1C6741370024BEAB /* PassengerSelectViewController.swift in Sources */,
				F16A04D01C72C22400662191 /* OrderViewController.swift in Sources */,
				F1F69BB11C61BE6600F4C4A6 /* LeftTicketParam.swift in Sources */,
				F13FFBCE1B70CEF600A329E6 /* StationData.swift in Sources */,
				F1F69BB71C61BE7D00F4C4A6 /* PassengerDTO.swift in Sources */,
				F1F69BA71C61BDAD00F4C4A6 /* SwiftyRegex.swift in Sources */,
				F19D3D101C621598005369CF /* LoginWindowController.swift in Sources */,
				F1F69B9B1C61BC7E00F4C4A6 /* LunarCalendarView.swift in Sources */,
				F1F69BBC1C61BECD00F4C4A6 /* Service.swift in Sources */,
				F1F69B941C61BBF800F4C4A6 /* LoginButton.swift in Sources */,
			);
			runOnlyForDeploymentPostprocessing = 0;
		};
		F11EB4661B6A368E000063E4 /* Sources */ = {
			isa = PBXSourcesBuildPhase;
			buildActionMask = 2147483647;
			files = (
				F11EB4711B6A368E000063E4 /* Train12306Tests.swift in Sources */,
			);
			runOnlyForDeploymentPostprocessing = 0;
		};
/* End PBXSourcesBuildPhase section */

/* Begin PBXTargetDependency section */
		F11EB46C1B6A368E000063E4 /* PBXTargetDependency */ = {
			isa = PBXTargetDependency;
			target = F11EB4591B6A368E000063E4 /* Train12306 */;
			targetProxy = F11EB46B1B6A368E000063E4 /* PBXContainerItemProxy */;
		};
/* End PBXTargetDependency section */

/* Begin PBXVariantGroup section */
		F11EB4631B6A368E000063E4 /* MainMenu.xib */ = {
			isa = PBXVariantGroup;
			children = (
				F11EB4641B6A368E000063E4 /* Base */,
			);
			name = MainMenu.xib;
			sourceTree = "<group>";
		};
/* End PBXVariantGroup section */

/* Begin XCBuildConfiguration section */
		F11EB4721B6A368E000063E4 /* Debug */ = {
			isa = XCBuildConfiguration;
			buildSettings = {
				ALWAYS_SEARCH_USER_PATHS = NO;
				CLANG_CXX_LANGUAGE_STANDARD = "gnu++0x";
				CLANG_CXX_LIBRARY = "libc++";
				CLANG_ENABLE_MODULES = YES;
				CLANG_ENABLE_OBJC_ARC = YES;
				CLANG_WARN_BOOL_CONVERSION = YES;
				CLANG_WARN_CONSTANT_CONVERSION = YES;
				CLANG_WARN_DIRECT_OBJC_ISA_USAGE = YES_ERROR;
				CLANG_WARN_EMPTY_BODY = YES;
				CLANG_WARN_ENUM_CONVERSION = YES;
				CLANG_WARN_INT_CONVERSION = YES;
				CLANG_WARN_OBJC_ROOT_CLASS = YES_ERROR;
				CLANG_WARN_UNREACHABLE_CODE = YES;
				CLANG_WARN__DUPLICATE_METHOD_MATCH = YES;
				CODE_SIGN_IDENTITY = "-";
				COPY_PHASE_STRIP = NO;
				DEBUG_INFORMATION_FORMAT = dwarf;
				DEFINES_MODULE = YES;
				ENABLE_STRICT_OBJC_MSGSEND = YES;
				ENABLE_TESTABILITY = YES;
				GCC_C_LANGUAGE_STANDARD = gnu99;
				GCC_DYNAMIC_NO_PIC = NO;
				GCC_NO_COMMON_BLOCKS = YES;
				GCC_OPTIMIZATION_LEVEL = 0;
				GCC_PREPROCESSOR_DEFINITIONS = (
					"DEBUG=1",
					"$(inherited)",
				);
				GCC_SYMBOLS_PRIVATE_EXTERN = NO;
				GCC_WARN_64_TO_32_BIT_CONVERSION = YES;
				GCC_WARN_ABOUT_RETURN_TYPE = YES_ERROR;
				GCC_WARN_UNDECLARED_SELECTOR = YES;
				GCC_WARN_UNINITIALIZED_AUTOS = YES_AGGRESSIVE;
				GCC_WARN_UNUSED_FUNCTION = YES;
				GCC_WARN_UNUSED_VARIABLE = YES;
				MACOSX_DEPLOYMENT_TARGET = 10.10;
				MTL_ENABLE_DEBUG_INFO = YES;
				ONLY_ACTIVE_ARCH = YES;
				SDKROOT = macosx;
				SWIFT_OPTIMIZATION_LEVEL = "-Onone";
			};
			name = Debug;
		};
		F11EB4731B6A368E000063E4 /* Release */ = {
			isa = XCBuildConfiguration;
			buildSettings = {
				ALWAYS_SEARCH_USER_PATHS = NO;
				CLANG_CXX_LANGUAGE_STANDARD = "gnu++0x";
				CLANG_CXX_LIBRARY = "libc++";
				CLANG_ENABLE_MODULES = YES;
				CLANG_ENABLE_OBJC_ARC = YES;
				CLANG_WARN_BOOL_CONVERSION = YES;
				CLANG_WARN_CONSTANT_CONVERSION = YES;
				CLANG_WARN_DIRECT_OBJC_ISA_USAGE = YES_ERROR;
				CLANG_WARN_EMPTY_BODY = YES;
				CLANG_WARN_ENUM_CONVERSION = YES;
				CLANG_WARN_INT_CONVERSION = YES;
				CLANG_WARN_OBJC_ROOT_CLASS = YES_ERROR;
				CLANG_WARN_UNREACHABLE_CODE = YES;
				CLANG_WARN__DUPLICATE_METHOD_MATCH = YES;
				CODE_SIGN_IDENTITY = "-";
				COPY_PHASE_STRIP = NO;
				DEBUG_INFORMATION_FORMAT = "dwarf-with-dsym";
				DEFINES_MODULE = YES;
				ENABLE_NS_ASSERTIONS = NO;
				ENABLE_STRICT_OBJC_MSGSEND = YES;
				GCC_C_LANGUAGE_STANDARD = gnu99;
				GCC_NO_COMMON_BLOCKS = YES;
				GCC_WARN_64_TO_32_BIT_CONVERSION = YES;
				GCC_WARN_ABOUT_RETURN_TYPE = YES_ERROR;
				GCC_WARN_UNDECLARED_SELECTOR = YES;
				GCC_WARN_UNINITIALIZED_AUTOS = YES_AGGRESSIVE;
				GCC_WARN_UNUSED_FUNCTION = YES;
				GCC_WARN_UNUSED_VARIABLE = YES;
				MACOSX_DEPLOYMENT_TARGET = 10.10;
				MTL_ENABLE_DEBUG_INFO = NO;
				SDKROOT = macosx;
			};
			name = Release;
		};
		F11EB4751B6A368E000063E4 /* Debug */ = {
			isa = XCBuildConfiguration;
			baseConfigurationReference = 37638C4EC63999790EA677D6 /* Pods.debug.xcconfig */;
			buildSettings = {
				ASSETCATALOG_COMPILER_APPICON_NAME = AppIcon;
				CLANG_ENABLE_MODULES = YES;
				COMBINE_HIDPI_IMAGES = YES;
				DEFINES_MODULE = YES;
				INFOPLIST_FILE = Train12306/Info.plist;
				LD_RUNPATH_SEARCH_PATHS = "$(inherited) @executable_path/../Frameworks";
				PRODUCT_BUNDLE_IDENTIFIER = "fancymax.$(PRODUCT_NAME:rfc1034identifier)";
				PRODUCT_NAME = Train12306;
				SWIFT_OBJC_BRIDGING_HEADER = "Train12306-Bridging-Header.h";
				"SWIFT_OBJC_BRIDGING_HEADER[arch=*]" = "Train12306-Swift.h";
				SWIFT_OPTIMIZATION_LEVEL = "-Onone";
			};
			name = Debug;
		};
		F11EB4761B6A368E000063E4 /* Release */ = {
			isa = XCBuildConfiguration;
			baseConfigurationReference = 4362C8555FDE04134EAB4433 /* Pods.release.xcconfig */;
			buildSettings = {
				ASSETCATALOG_COMPILER_APPICON_NAME = AppIcon;
				CLANG_ENABLE_MODULES = YES;
				COMBINE_HIDPI_IMAGES = YES;
				DEFINES_MODULE = YES;
				INFOPLIST_FILE = Train12306/Info.plist;
				LD_RUNPATH_SEARCH_PATHS = "$(inherited) @executable_path/../Frameworks";
				PRODUCT_BUNDLE_IDENTIFIER = "fancymax.$(PRODUCT_NAME:rfc1034identifier)";
				PRODUCT_NAME = Train12306;
				SWIFT_OBJC_BRIDGING_HEADER = "Train12306-Bridging-Header.h";
				"SWIFT_OBJC_BRIDGING_HEADER[arch=*]" = "Train12306-Swift.h";
			};
			name = Release;
		};
		F11EB4781B6A368E000063E4 /* Debug */ = {
			isa = XCBuildConfiguration;
			buildSettings = {
				BUNDLE_LOADER = "$(TEST_HOST)";
				COMBINE_HIDPI_IMAGES = YES;
				FRAMEWORK_SEARCH_PATHS = (
					"$(DEVELOPER_FRAMEWORKS_DIR)",
					"$(inherited)",
				);
				GCC_PREPROCESSOR_DEFINITIONS = (
					"DEBUG=1",
					"$(inherited)",
				);
				INFOPLIST_FILE = Train12306Tests/Info.plist;
				LD_RUNPATH_SEARCH_PATHS = "$(inherited) @executable_path/../Frameworks @loader_path/../Frameworks";
				PRODUCT_BUNDLE_IDENTIFIER = "fancymax.$(PRODUCT_NAME:rfc1034identifier)";
				PRODUCT_NAME = Train12306;
				TEST_HOST = "$(BUILT_PRODUCTS_DIR)/Train12306.app/Contents/MacOS/Train12306";
			};
			name = Debug;
		};
		F11EB4791B6A368E000063E4 /* Release */ = {
			isa = XCBuildConfiguration;
			buildSettings = {
				BUNDLE_LOADER = "$(TEST_HOST)";
				COMBINE_HIDPI_IMAGES = YES;
				FRAMEWORK_SEARCH_PATHS = (
					"$(DEVELOPER_FRAMEWORKS_DIR)",
					"$(inherited)",
				);
				INFOPLIST_FILE = Train12306Tests/Info.plist;
				LD_RUNPATH_SEARCH_PATHS = "$(inherited) @executable_path/../Frameworks @loader_path/../Frameworks";
				PRODUCT_BUNDLE_IDENTIFIER = "fancymax.$(PRODUCT_NAME:rfc1034identifier)";
				PRODUCT_NAME = Train12306;
				TEST_HOST = "$(BUILT_PRODUCTS_DIR)/Train12306.app/Contents/MacOS/Train12306";
			};
			name = Release;
		};
/* End XCBuildConfiguration section */

/* Begin XCConfigurationList section */
		F11EB4551B6A368E000063E4 /* Build configuration list for PBXProject "Train12306" */ = {
			isa = XCConfigurationList;
			buildConfigurations = (
				F11EB4721B6A368E000063E4 /* Debug */,
				F11EB4731B6A368E000063E4 /* Release */,
			);
			defaultConfigurationIsVisible = 0;
			defaultConfigurationName = Release;
		};
		F11EB4741B6A368E000063E4 /* Build configuration list for PBXNativeTarget "Train12306" */ = {
			isa = XCConfigurationList;
			buildConfigurations = (
				F11EB4751B6A368E000063E4 /* Debug */,
				F11EB4761B6A368E000063E4 /* Release */,
			);
			defaultConfigurationIsVisible = 0;
			defaultConfigurationName = Release;
		};
		F11EB4771B6A368E000063E4 /* Build configuration list for PBXNativeTarget "Train12306Tests" */ = {
			isa = XCConfigurationList;
			buildConfigurations = (
				F11EB4781B6A368E000063E4 /* Debug */,
				F11EB4791B6A368E000063E4 /* Release */,
			);
			defaultConfigurationIsVisible = 0;
			defaultConfigurationName = Release;
		};
/* End XCConfigurationList section */
	};
	rootObject = F11EB4521B6A368E000063E4 /* Project object */;
}
